// !$*UTF8*$!
{
	archiveVersion = 1;
	classes = {
	};
	objectVersion = 46;
	objects = {

/* Begin PBXBuildFile section */
		614B3343D721050FFFA749DB /* Pods_PonStaffApp.framework in Frameworks */ = {isa = PBXBuildFile; fileRef = 47F350BEA86070BCFF1C3E04 /* Pods_PonStaffApp.framework */; };
		FA0403891DBF0F940001B63F /* BottomBorderView.swift in Sources */ = {isa = PBXBuildFile; fileRef = FA04037A1DBF0F940001B63F /* BottomBorderView.swift */; };
		FA04038A1DBF0F940001B63F /* CircleImageView.swift in Sources */ = {isa = PBXBuildFile; fileRef = FA04037B1DBF0F940001B63F /* CircleImageView.swift */; };
		FA04038C1DBF0F940001B63F /* DesignableImageView.swift in Sources */ = {isa = PBXBuildFile; fileRef = FA04037D1DBF0F940001B63F /* DesignableImageView.swift */; };
		FA04038D1DBF0F940001B63F /* DesignableView.swift in Sources */ = {isa = PBXBuildFile; fileRef = FA04037E1DBF0F940001B63F /* DesignableView.swift */; };
		FA04038F1DBF0F940001B63F /* LeftBorderView.swift in Sources */ = {isa = PBXBuildFile; fileRef = FA0403801DBF0F940001B63F /* LeftBorderView.swift */; };
		FA0403921DBF0F940001B63F /* PaddingLabel.swift in Sources */ = {isa = PBXBuildFile; fileRef = FA0403831DBF0F940001B63F /* PaddingLabel.swift */; };
		FA0403931DBF0F940001B63F /* RightBorderView.swift in Sources */ = {isa = PBXBuildFile; fileRef = FA0403841DBF0F940001B63F /* RightBorderView.swift */; };
		FA0403941DBF0F940001B63F /* ShadowView.swift in Sources */ = {isa = PBXBuildFile; fileRef = FA0403851DBF0F940001B63F /* ShadowView.swift */; };
		FA0403961DBF0F940001B63F /* TopBorderView.swift in Sources */ = {isa = PBXBuildFile; fileRef = FA0403871DBF0F940001B63F /* TopBorderView.swift */; };
		FA0403981DBF10650001B63F /* DesignableButton.swift in Sources */ = {isa = PBXBuildFile; fileRef = FA0403971DBF10650001B63F /* DesignableButton.swift */; };
		FA06E8121DBF546800256312 /* QRCode.swift in Sources */ = {isa = PBXBuildFile; fileRef = FA06E8111DBF546800256312 /* QRCode.swift */; };
		FA12FF291DBEEA20002D0B11 /* SignInViewController.swift in Sources */ = {isa = PBXBuildFile; fileRef = FA12FF281DBEEA20002D0B11 /* SignInViewController.swift */; };
		FA12FF2D1DBEF344002D0B11 /* SideMenuView.swift in Sources */ = {isa = PBXBuildFile; fileRef = FA12FF2C1DBEF344002D0B11 /* SideMenuView.swift */; };
		FA12FF2F1DBEF478002D0B11 /* SideMenuView.xib in Resources */ = {isa = PBXBuildFile; fileRef = FA12FF2E1DBEF478002D0B11 /* SideMenuView.xib */; };
		FA12FF311DBEF79F002D0B11 /* RequestCouponViewController.swift in Sources */ = {isa = PBXBuildFile; fileRef = FA12FF301DBEF79F002D0B11 /* RequestCouponViewController.swift */; };
		FA12FF331DBEF826002D0B11 /* PointViewController.swift in Sources */ = {isa = PBXBuildFile; fileRef = FA12FF321DBEF826002D0B11 /* PointViewController.swift */; };
		FA36E8641DBF26A800BE2D0F /* request_coupon_icon@2x.png in Resources */ = {isa = PBXBuildFile; fileRef = FA36E8601DBF26A800BE2D0F /* request_coupon_icon@2x.png */; };
		FA36E8771DBF4D6900BE2D0F /* RequestCouponCell.swift in Sources */ = {isa = PBXBuildFile; fileRef = FA36E8761DBF4D6900BE2D0F /* RequestCouponCell.swift */; };
		FA36E8791DBF500E00BE2D0F /* QRCodeReaderViewController.swift in Sources */ = {isa = PBXBuildFile; fileRef = FA36E8781DBF500E00BE2D0F /* QRCodeReaderViewController.swift */; };
		FA6FB4401DC1B0A500692C05 /* AcceptPopupView.swift in Sources */ = {isa = PBXBuildFile; fileRef = FA6FB43F1DC1B0A500692C05 /* AcceptPopupView.swift */; };
		FA6FB4421DC1B0B600692C05 /* ConfirmPopupView.swift in Sources */ = {isa = PBXBuildFile; fileRef = FA6FB4411DC1B0B600692C05 /* ConfirmPopupView.swift */; };
		FA6FB4441DC1B0C300692C05 /* RejectPopupView.swift in Sources */ = {isa = PBXBuildFile; fileRef = FA6FB4431DC1B0C300692C05 /* RejectPopupView.swift */; };
		FA6FB4461DC1B0CF00692C05 /* AcceptPopupView.xib in Resources */ = {isa = PBXBuildFile; fileRef = FA6FB4451DC1B0CF00692C05 /* AcceptPopupView.xib */; };
		FA6FB4481DC1B0DC00692C05 /* ConfirmPopupView.xib in Resources */ = {isa = PBXBuildFile; fileRef = FA6FB4471DC1B0DC00692C05 /* ConfirmPopupView.xib */; };
		FA6FB44A1DC1B0E800692C05 /* RejectPopupView.xib in Resources */ = {isa = PBXBuildFile; fileRef = FA6FB4491DC1B0E800692C05 /* RejectPopupView.xib */; };
		FA730CCC1DBDE88B003CD52E /* Assets.xcassets in Resources */ = {isa = PBXBuildFile; fileRef = FA730CCB1DBDE88B003CD52E /* Assets.xcassets */; };
		FA730CCF1DBDE88B003CD52E /* LaunchScreen.storyboard in Resources */ = {isa = PBXBuildFile; fileRef = FA730CCD1DBDE88B003CD52E /* LaunchScreen.storyboard */; };
		FA730CE51DBDFA03003CD52E /* ApiEndpoint.swift in Sources */ = {isa = PBXBuildFile; fileRef = FA730CDB1DBDFA03003CD52E /* ApiEndpoint.swift */; };
		FA730CE61DBDFA03003CD52E /* ApiFileUpload.swift in Sources */ = {isa = PBXBuildFile; fileRef = FA730CDC1DBDFA03003CD52E /* ApiFileUpload.swift */; };
		FA730CE71DBDFA03003CD52E /* ApiManager.swift in Sources */ = {isa = PBXBuildFile; fileRef = FA730CDD1DBDFA03003CD52E /* ApiManager.swift */; };
		FA730CE81DBDFA03003CD52E /* ApiRequest.swift in Sources */ = {isa = PBXBuildFile; fileRef = FA730CDE1DBDFA03003CD52E /* ApiRequest.swift */; };
		FA730CE91DBDFA03003CD52E /* ApiResponse.swift in Sources */ = {isa = PBXBuildFile; fileRef = FA730CDF1DBDFA03003CD52E /* ApiResponse.swift */; };
		FA730CEA1DBDFA03003CD52E /* ErrorMessage.swift in Sources */ = {isa = PBXBuildFile; fileRef = FA730CE11DBDFA03003CD52E /* ErrorMessage.swift */; };
		FA730CEB1DBDFA03003CD52E /* GlobalConstant.swift in Sources */ = {isa = PBXBuildFile; fileRef = FA730CE21DBDFA03003CD52E /* GlobalConstant.swift */; };
		FA730D8A1DBDFA6D003CD52E /* Reachability.m in Sources */ = {isa = PBXBuildFile; fileRef = FA730D481DBDFA6D003CD52E /* Reachability.m */; };
		FA730D901DBDFA6D003CD52E /* SwiftyJSON.swift in Sources */ = {isa = PBXBuildFile; fileRef = FA730D561DBDFA6D003CD52E /* SwiftyJSON.swift */; };
		FA730D911DBDFA6D003CD52E /* DefaultsKeysExtension.swift in Sources */ = {isa = PBXBuildFile; fileRef = FA730D581DBDFA6D003CD52E /* DefaultsKeysExtension.swift */; };
		FA730D921DBDFA6D003CD52E /* SwiftyUserDefaults.swift in Sources */ = {isa = PBXBuildFile; fileRef = FA730D591DBDFA6D003CD52E /* SwiftyUserDefaults.swift */; };
		FA730D9B1DBDFAD0003CD52E /* ReachabilityManager.swift in Sources */ = {isa = PBXBuildFile; fileRef = FA730D961DBDFAD0003CD52E /* ReachabilityManager.swift */; };
		FA730D9D1DBDFAD0003CD52E /* UserDataManager.swift in Sources */ = {isa = PBXBuildFile; fileRef = FA730D981DBDFAD0003CD52E /* UserDataManager.swift */; };
		FA730DC41DBDFB00003CD52E /* BaseNavigationController.swift in Sources */ = {isa = PBXBuildFile; fileRef = FA730DA01DBDFB00003CD52E /* BaseNavigationController.swift */; };
		FA730DC51DBDFB00003CD52E /* BaseTabBarController.swift in Sources */ = {isa = PBXBuildFile; fileRef = FA730DA11DBDFB00003CD52E /* BaseTabBarController.swift */; };
		FA730DC61DBDFB00003CD52E /* BaseViewController.swift in Sources */ = {isa = PBXBuildFile; fileRef = FA730DA21DBDFB00003CD52E /* BaseViewController.swift */; };
		FA730DFF1DBDFB3E003CD52E /* HLKSharedResources.swift in Sources */ = {isa = PBXBuildFile; fileRef = FA730DEA1DBDFB3E003CD52E /* HLKSharedResources.swift */; };
		FA730E001DBDFB3E003CD52E /* HLKDropDownTextField.swift in Sources */ = {isa = PBXBuildFile; fileRef = FA730DEC1DBDFB3E003CD52E /* HLKDropDownTextField.swift */; };
		FA730E011DBDFB3E003CD52E /* HLKLinearScrollView.swift in Sources */ = {isa = PBXBuildFile; fileRef = FA730DED1DBDFB3E003CD52E /* HLKLinearScrollView.swift */; };
		FA730E021DBDFB3E003CD52E /* HLKTextField.swift in Sources */ = {isa = PBXBuildFile; fileRef = FA730DEE1DBDFB3E003CD52E /* HLKTextField.swift */; };
		FA730E031DBDFB3E003CD52E /* MKMapViewExtension.swift in Sources */ = {isa = PBXBuildFile; fileRef = FA730DF01DBDFB3E003CD52E /* MKMapViewExtension.swift */; };
		FA730E041DBDFB3E003CD52E /* StringExtension.swift in Sources */ = {isa = PBXBuildFile; fileRef = FA730DF11DBDFB3E003CD52E /* StringExtension.swift */; };
		FA730E051DBDFB3E003CD52E /* TypeConversionHelper.swift in Sources */ = {isa = PBXBuildFile; fileRef = FA730DF21DBDFB3E003CD52E /* TypeConversionHelper.swift */; };
		FA730E061DBDFB3E003CD52E /* UIAlertControllerExtension.swift in Sources */ = {isa = PBXBuildFile; fileRef = FA730DF31DBDFB3E003CD52E /* UIAlertControllerExtension.swift */; };
		FA730E071DBDFB3E003CD52E /* UICollectionViewExtension.swift in Sources */ = {isa = PBXBuildFile; fileRef = FA730DF41DBDFB3E003CD52E /* UICollectionViewExtension.swift */; };
		FA730E081DBDFB3E003CD52E /* UIColorExtension.swift in Sources */ = {isa = PBXBuildFile; fileRef = FA730DF51DBDFB3E003CD52E /* UIColorExtension.swift */; };
		FA730E091DBDFB3E003CD52E /* UIImageExtension.swift in Sources */ = {isa = PBXBuildFile; fileRef = FA730DF61DBDFB3E003CD52E /* UIImageExtension.swift */; };
		FA730E0A1DBDFB3E003CD52E /* UILabelExtension.swift in Sources */ = {isa = PBXBuildFile; fileRef = FA730DF71DBDFB3E003CD52E /* UILabelExtension.swift */; };
		FA730E0B1DBDFB3E003CD52E /* UINavigationControllerExtension.swift in Sources */ = {isa = PBXBuildFile; fileRef = FA730DF81DBDFB3E003CD52E /* UINavigationControllerExtension.swift */; };
		FA730E0C1DBDFB3E003CD52E /* UIScrollViewExtension.swift in Sources */ = {isa = PBXBuildFile; fileRef = FA730DF91DBDFB3E003CD52E /* UIScrollViewExtension.swift */; };
		FA730E0D1DBDFB3E003CD52E /* UITableViewExtension.swift in Sources */ = {isa = PBXBuildFile; fileRef = FA730DFA1DBDFB3E003CD52E /* UITableViewExtension.swift */; };
		FA730E0E1DBDFB3E003CD52E /* UIViewControllerExtension.swift in Sources */ = {isa = PBXBuildFile; fileRef = FA730DFB1DBDFB3E003CD52E /* UIViewControllerExtension.swift */; };
		FA730E0F1DBDFB3E003CD52E /* UIViewExtension.swift in Sources */ = {isa = PBXBuildFile; fileRef = FA730DFC1DBDFB3E003CD52E /* UIViewExtension.swift */; };
		FA730E101DBDFB3E003CD52E /* LoggingPrint.swift in Sources */ = {isa = PBXBuildFile; fileRef = FA730DFE1DBDFB3E003CD52E /* LoggingPrint.swift */; };
		FA730E191DBDFB6B003CD52E /* HiraginoSansUIFont.swift in Sources */ = {isa = PBXBuildFile; fileRef = FA730E131DBDFB6B003CD52E /* HiraginoSansUIFont.swift */; };
		FA730EA01DBDFB92003CD52E /* HiraginoSans-W4.ttc in Resources */ = {isa = PBXBuildFile; fileRef = FA730E201DBDFB92003CD52E /* HiraginoSans-W4.ttc */; };
		FA730EA11DBDFB92003CD52E /* HiraginoSans-W5.ttc in Resources */ = {isa = PBXBuildFile; fileRef = FA730E211DBDFB92003CD52E /* HiraginoSans-W5.ttc */; };
		FA730EA21DBDFB92003CD52E /* HiraginoSans-W6.ttc in Resources */ = {isa = PBXBuildFile; fileRef = FA730E221DBDFB92003CD52E /* HiraginoSans-W6.ttc */; };
		FA730F221DBDFC03003CD52E /* AppDelegate.swift in Sources */ = {isa = PBXBuildFile; fileRef = FA730F211DBDFC03003CD52E /* AppDelegate.swift */; };
		FA730F251DBDFC72003CD52E /* Main.storyboard in Resources */ = {isa = PBXBuildFile; fileRef = FA730F241DBDFC72003CD52E /* Main.storyboard */; };
		FADC345F1DC1D88700E10E3F /* PopupView.swift in Sources */ = {isa = PBXBuildFile; fileRef = FADC345E1DC1D88700E10E3F /* PopupView.swift */; };
		FADC34611DC1D8E200E10E3F /* PopupBackgroundView.swift in Sources */ = {isa = PBXBuildFile; fileRef = FADC34601DC1D8E200E10E3F /* PopupBackgroundView.swift */; };
		FADC34861DC1E61100E10E3F /* ic_account.png in Resources */ = {isa = PBXBuildFile; fileRef = FADC34621DC1E61100E10E3F /* ic_account.png */; };
		FADC34871DC1E61100E10E3F /* ic_account@2x.png in Resources */ = {isa = PBXBuildFile; fileRef = FADC34631DC1E61100E10E3F /* ic_account@2x.png */; };
		FADC34881DC1E61100E10E3F /* ic_account@3x.png in Resources */ = {isa = PBXBuildFile; fileRef = FADC34641DC1E61100E10E3F /* ic_account@3x.png */; };
		FADC34891DC1E61100E10E3F /* ic_back.png in Resources */ = {isa = PBXBuildFile; fileRef = FADC34651DC1E61100E10E3F /* ic_back.png */; };
		FADC348A1DC1E61100E10E3F /* ic_back@2x.png in Resources */ = {isa = PBXBuildFile; fileRef = FADC34661DC1E61100E10E3F /* ic_back@2x.png */; };
		FADC348B1DC1E61100E10E3F /* ic_back@3x.png in Resources */ = {isa = PBXBuildFile; fileRef = FADC34671DC1E61100E10E3F /* ic_back@3x.png */; };
		FADC348C1DC1E61100E10E3F /* ic_facebook.png in Resources */ = {isa = PBXBuildFile; fileRef = FADC34681DC1E61100E10E3F /* ic_facebook.png */; };
		FADC348D1DC1E61100E10E3F /* ic_facebook@2x.png in Resources */ = {isa = PBXBuildFile; fileRef = FADC34691DC1E61100E10E3F /* ic_facebook@2x.png */; };
		FADC348E1DC1E61100E10E3F /* ic_facebook@3x.png in Resources */ = {isa = PBXBuildFile; fileRef = FADC346A1DC1E61100E10E3F /* ic_facebook@3x.png */; };
		FADC348F1DC1E61100E10E3F /* ic_flash.png in Resources */ = {isa = PBXBuildFile; fileRef = FADC346B1DC1E61100E10E3F /* ic_flash.png */; };
		FADC34901DC1E61100E10E3F /* ic_flash@2x.png in Resources */ = {isa = PBXBuildFile; fileRef = FADC346C1DC1E61100E10E3F /* ic_flash@2x.png */; };
		FADC34911DC1E61100E10E3F /* ic_flash@3x.png in Resources */ = {isa = PBXBuildFile; fileRef = FADC346D1DC1E61100E10E3F /* ic_flash@3x.png */; };
		FADC34921DC1E61100E10E3F /* ic_googleplus.png in Resources */ = {isa = PBXBuildFile; fileRef = FADC346E1DC1E61100E10E3F /* ic_googleplus.png */; };
		FADC34931DC1E61100E10E3F /* ic_googleplus@2x.png in Resources */ = {isa = PBXBuildFile; fileRef = FADC346F1DC1E61100E10E3F /* ic_googleplus@2x.png */; };
		FADC34941DC1E61100E10E3F /* ic_googleplus@3x.png in Resources */ = {isa = PBXBuildFile; fileRef = FADC34701DC1E61100E10E3F /* ic_googleplus@3x.png */; };
		FADC34951DC1E61100E10E3F /* ic_heart.png in Resources */ = {isa = PBXBuildFile; fileRef = FADC34711DC1E61100E10E3F /* ic_heart.png */; };
		FADC34961DC1E61100E10E3F /* ic_heart@2x.png in Resources */ = {isa = PBXBuildFile; fileRef = FADC34721DC1E61100E10E3F /* ic_heart@2x.png */; };
		FADC34971DC1E61100E10E3F /* ic_heart@3x.png in Resources */ = {isa = PBXBuildFile; fileRef = FADC34731DC1E61100E10E3F /* ic_heart@3x.png */; };
		FADC34981DC1E61100E10E3F /* ic_menu.png in Resources */ = {isa = PBXBuildFile; fileRef = FADC34741DC1E61100E10E3F /* ic_menu.png */; };
		FADC34991DC1E61100E10E3F /* ic_menu@2x.png in Resources */ = {isa = PBXBuildFile; fileRef = FADC34751DC1E61100E10E3F /* ic_menu@2x.png */; };
		FADC349A1DC1E61100E10E3F /* ic_menu@3x.png in Resources */ = {isa = PBXBuildFile; fileRef = FADC34761DC1E61100E10E3F /* ic_menu@3x.png */; };
		FADC349B1DC1E61100E10E3F /* ic_password.png in Resources */ = {isa = PBXBuildFile; fileRef = FADC34771DC1E61100E10E3F /* ic_password.png */; };
		FADC349C1DC1E61100E10E3F /* ic_password@2x.png in Resources */ = {isa = PBXBuildFile; fileRef = FADC34781DC1E61100E10E3F /* ic_password@2x.png */; };
		FADC349D1DC1E61100E10E3F /* ic_password@3x.png in Resources */ = {isa = PBXBuildFile; fileRef = FADC34791DC1E61100E10E3F /* ic_password@3x.png */; };
		FADC349E1DC1E61100E10E3F /* ic_plane_paper.png in Resources */ = {isa = PBXBuildFile; fileRef = FADC347A1DC1E61100E10E3F /* ic_plane_paper.png */; };
		FADC349F1DC1E61100E10E3F /* ic_plane_paper@2x.png in Resources */ = {isa = PBXBuildFile; fileRef = FADC347B1DC1E61100E10E3F /* ic_plane_paper@2x.png */; };
		FADC34A01DC1E61100E10E3F /* ic_plane_paper@3x.png in Resources */ = {isa = PBXBuildFile; fileRef = FADC347C1DC1E61100E10E3F /* ic_plane_paper@3x.png */; };
		FADC34A11DC1E61100E10E3F /* ic_qrcode_cam.png in Resources */ = {isa = PBXBuildFile; fileRef = FADC347D1DC1E61100E10E3F /* ic_qrcode_cam.png */; };
		FADC34A21DC1E61100E10E3F /* ic_qrcode_cam@2x.png in Resources */ = {isa = PBXBuildFile; fileRef = FADC347E1DC1E61100E10E3F /* ic_qrcode_cam@2x.png */; };
		FADC34A31DC1E61100E10E3F /* ic_qrcode_cam@3x.png in Resources */ = {isa = PBXBuildFile; fileRef = FADC347F1DC1E61100E10E3F /* ic_qrcode_cam@3x.png */; };
		FADC34A41DC1E61100E10E3F /* ic_sad.png in Resources */ = {isa = PBXBuildFile; fileRef = FADC34801DC1E61100E10E3F /* ic_sad.png */; };
		FADC34A51DC1E61100E10E3F /* ic_sad@2x.png in Resources */ = {isa = PBXBuildFile; fileRef = FADC34811DC1E61100E10E3F /* ic_sad@2x.png */; };
		FADC34A61DC1E61100E10E3F /* ic_sad@3x.png in Resources */ = {isa = PBXBuildFile; fileRef = FADC34821DC1E61100E10E3F /* ic_sad@3x.png */; };
		FADC34A71DC1E61100E10E3F /* plane_paper.png in Resources */ = {isa = PBXBuildFile; fileRef = FADC34831DC1E61100E10E3F /* plane_paper.png */; };
		FADC34A81DC1E61100E10E3F /* plane_paper@2x.png in Resources */ = {isa = PBXBuildFile; fileRef = FADC34841DC1E61100E10E3F /* plane_paper@2x.png */; };
		FADC34A91DC1E61100E10E3F /* plane_paper@3x.png in Resources */ = {isa = PBXBuildFile; fileRef = FADC34851DC1E61100E10E3F /* plane_paper@3x.png */; };
		FADC34CF1DC1EA7800E10E3F /* IQNSArray+Sort.m in Sources */ = {isa = PBXBuildFile; fileRef = FADC34AD1DC1EA7800E10E3F /* IQNSArray+Sort.m */; };
		FADC34D01DC1EA7800E10E3F /* IQUIScrollView+Additions.m in Sources */ = {isa = PBXBuildFile; fileRef = FADC34AF1DC1EA7800E10E3F /* IQUIScrollView+Additions.m */; };
		FADC34D11DC1EA7800E10E3F /* IQUITextFieldView+Additions.m in Sources */ = {isa = PBXBuildFile; fileRef = FADC34B11DC1EA7800E10E3F /* IQUITextFieldView+Additions.m */; };
		FADC34D21DC1EA7800E10E3F /* IQUIView+Hierarchy.m in Sources */ = {isa = PBXBuildFile; fileRef = FADC34B31DC1EA7800E10E3F /* IQUIView+Hierarchy.m */; };
		FADC34D31DC1EA7800E10E3F /* IQUIViewController+Additions.m in Sources */ = {isa = PBXBuildFile; fileRef = FADC34B51DC1EA7800E10E3F /* IQUIViewController+Additions.m */; };
		FADC34D41DC1EA7800E10E3F /* IQUIWindow+Hierarchy.m in Sources */ = {isa = PBXBuildFile; fileRef = FADC34B71DC1EA7800E10E3F /* IQUIWindow+Hierarchy.m */; };
		FADC34D51DC1EA7800E10E3F /* IQKeyboardManager.m in Sources */ = {isa = PBXBuildFile; fileRef = FADC34BC1DC1EA7800E10E3F /* IQKeyboardManager.m */; };
		FADC34D61DC1EA7800E10E3F /* IQKeyboardReturnKeyHandler.m in Sources */ = {isa = PBXBuildFile; fileRef = FADC34BE1DC1EA7800E10E3F /* IQKeyboardReturnKeyHandler.m */; };
		FADC34D71DC1EA7800E10E3F /* IQTextView.m in Sources */ = {isa = PBXBuildFile; fileRef = FADC34C11DC1EA7800E10E3F /* IQTextView.m */; };
		FADC34D81DC1EA7800E10E3F /* IQBarButtonItem.m in Sources */ = {isa = PBXBuildFile; fileRef = FADC34C41DC1EA7800E10E3F /* IQBarButtonItem.m */; };
		FADC34D91DC1EA7800E10E3F /* IQPreviousNextView.m in Sources */ = {isa = PBXBuildFile; fileRef = FADC34C61DC1EA7800E10E3F /* IQPreviousNextView.m */; };
		FADC34DA1DC1EA7800E10E3F /* IQTitleBarButtonItem.m in Sources */ = {isa = PBXBuildFile; fileRef = FADC34C81DC1EA7800E10E3F /* IQTitleBarButtonItem.m */; };
		FADC34DB1DC1EA7800E10E3F /* IQToolbar.m in Sources */ = {isa = PBXBuildFile; fileRef = FADC34CA1DC1EA7800E10E3F /* IQToolbar.m */; };
		FADC34DC1DC1EA7800E10E3F /* IQUIView+IQKeyboardToolbar.m in Sources */ = {isa = PBXBuildFile; fileRef = FADC34CC1DC1EA7800E10E3F /* IQUIView+IQKeyboardToolbar.m */; };
		FADC34DD1DC1EA7800E10E3F /* IQKeyboardManager.bundle in Resources */ = {isa = PBXBuildFile; fileRef = FADC34CE1DC1EA7800E10E3F /* IQKeyboardManager.bundle */; };
		FADC34DF1DC1ED2300E10E3F /* AVFoundation.framework in Frameworks */ = {isa = PBXBuildFile; fileRef = FADC34DE1DC1ED2300E10E3F /* AVFoundation.framework */; };
/* End PBXBuildFile section */

/* Begin PBXFileReference section */
		47F350BEA86070BCFF1C3E04 /* Pods_PonStaffApp.framework */ = {isa = PBXFileReference; explicitFileType = wrapper.framework; includeInIndex = 0; path = Pods_PonStaffApp.framework; sourceTree = BUILT_PRODUCTS_DIR; };
		9F778D7426D7EF973DD94775 /* Pods-PonStaffApp.release.xcconfig */ = {isa = PBXFileReference; includeInIndex = 1; lastKnownFileType = text.xcconfig; name = "Pods-PonStaffApp.release.xcconfig"; path = "../Pods/Target Support Files/Pods-PonStaffApp/Pods-PonStaffApp.release.xcconfig"; sourceTree = "<group>"; };
		E9F47E1E113F2A33123C0B24 /* Pods-PonStaffApp.debug.xcconfig */ = {isa = PBXFileReference; includeInIndex = 1; lastKnownFileType = text.xcconfig; name = "Pods-PonStaffApp.debug.xcconfig"; path = "../Pods/Target Support Files/Pods-PonStaffApp/Pods-PonStaffApp.debug.xcconfig"; sourceTree = "<group>"; };
		FA04037A1DBF0F940001B63F /* BottomBorderView.swift */ = {isa = PBXFileReference; fileEncoding = 4; lastKnownFileType = sourcecode.swift; path = BottomBorderView.swift; sourceTree = "<group>"; };
		FA04037B1DBF0F940001B63F /* CircleImageView.swift */ = {isa = PBXFileReference; fileEncoding = 4; lastKnownFileType = sourcecode.swift; path = CircleImageView.swift; sourceTree = "<group>"; };
		FA04037D1DBF0F940001B63F /* DesignableImageView.swift */ = {isa = PBXFileReference; fileEncoding = 4; lastKnownFileType = sourcecode.swift; path = DesignableImageView.swift; sourceTree = "<group>"; };
		FA04037E1DBF0F940001B63F /* DesignableView.swift */ = {isa = PBXFileReference; fileEncoding = 4; lastKnownFileType = sourcecode.swift; path = DesignableView.swift; sourceTree = "<group>"; };
		FA0403801DBF0F940001B63F /* LeftBorderView.swift */ = {isa = PBXFileReference; fileEncoding = 4; lastKnownFileType = sourcecode.swift; path = LeftBorderView.swift; sourceTree = "<group>"; };
		FA0403831DBF0F940001B63F /* PaddingLabel.swift */ = {isa = PBXFileReference; fileEncoding = 4; lastKnownFileType = sourcecode.swift; path = PaddingLabel.swift; sourceTree = "<group>"; };
		FA0403841DBF0F940001B63F /* RightBorderView.swift */ = {isa = PBXFileReference; fileEncoding = 4; lastKnownFileType = sourcecode.swift; path = RightBorderView.swift; sourceTree = "<group>"; };
		FA0403851DBF0F940001B63F /* ShadowView.swift */ = {isa = PBXFileReference; fileEncoding = 4; lastKnownFileType = sourcecode.swift; path = ShadowView.swift; sourceTree = "<group>"; };
		FA0403871DBF0F940001B63F /* TopBorderView.swift */ = {isa = PBXFileReference; fileEncoding = 4; lastKnownFileType = sourcecode.swift; path = TopBorderView.swift; sourceTree = "<group>"; };
		FA0403971DBF10650001B63F /* DesignableButton.swift */ = {isa = PBXFileReference; fileEncoding = 4; lastKnownFileType = sourcecode.swift; path = DesignableButton.swift; sourceTree = "<group>"; };
		FA06E8111DBF546800256312 /* QRCode.swift */ = {isa = PBXFileReference; fileEncoding = 4; lastKnownFileType = sourcecode.swift; path = QRCode.swift; sourceTree = "<group>"; };
		FA12FF281DBEEA20002D0B11 /* SignInViewController.swift */ = {isa = PBXFileReference; fileEncoding = 4; lastKnownFileType = sourcecode.swift; path = SignInViewController.swift; sourceTree = "<group>"; };
		FA12FF2C1DBEF344002D0B11 /* SideMenuView.swift */ = {isa = PBXFileReference; fileEncoding = 4; lastKnownFileType = sourcecode.swift; path = SideMenuView.swift; sourceTree = "<group>"; };
		FA12FF2E1DBEF478002D0B11 /* SideMenuView.xib */ = {isa = PBXFileReference; fileEncoding = 4; lastKnownFileType = file.xib; path = SideMenuView.xib; sourceTree = "<group>"; };
		FA12FF301DBEF79F002D0B11 /* RequestCouponViewController.swift */ = {isa = PBXFileReference; fileEncoding = 4; lastKnownFileType = sourcecode.swift; path = RequestCouponViewController.swift; sourceTree = "<group>"; };
		FA12FF321DBEF826002D0B11 /* PointViewController.swift */ = {isa = PBXFileReference; fileEncoding = 4; lastKnownFileType = sourcecode.swift; path = PointViewController.swift; sourceTree = "<group>"; };
		FA36E8601DBF26A800BE2D0F /* request_coupon_icon@2x.png */ = {isa = PBXFileReference; lastKnownFileType = image.png; path = "request_coupon_icon@2x.png"; sourceTree = "<group>"; };
		FA36E8761DBF4D6900BE2D0F /* RequestCouponCell.swift */ = {isa = PBXFileReference; fileEncoding = 4; lastKnownFileType = sourcecode.swift; path = RequestCouponCell.swift; sourceTree = "<group>"; };
		FA36E8781DBF500E00BE2D0F /* QRCodeReaderViewController.swift */ = {isa = PBXFileReference; fileEncoding = 4; lastKnownFileType = sourcecode.swift; path = QRCodeReaderViewController.swift; sourceTree = "<group>"; };
		FA6FB43F1DC1B0A500692C05 /* AcceptPopupView.swift */ = {isa = PBXFileReference; fileEncoding = 4; lastKnownFileType = sourcecode.swift; path = AcceptPopupView.swift; sourceTree = "<group>"; };
		FA6FB4411DC1B0B600692C05 /* ConfirmPopupView.swift */ = {isa = PBXFileReference; fileEncoding = 4; lastKnownFileType = sourcecode.swift; path = ConfirmPopupView.swift; sourceTree = "<group>"; };
		FA6FB4431DC1B0C300692C05 /* RejectPopupView.swift */ = {isa = PBXFileReference; fileEncoding = 4; lastKnownFileType = sourcecode.swift; path = RejectPopupView.swift; sourceTree = "<group>"; };
		FA6FB4451DC1B0CF00692C05 /* AcceptPopupView.xib */ = {isa = PBXFileReference; fileEncoding = 4; lastKnownFileType = file.xib; path = AcceptPopupView.xib; sourceTree = "<group>"; };
		FA6FB4471DC1B0DC00692C05 /* ConfirmPopupView.xib */ = {isa = PBXFileReference; fileEncoding = 4; lastKnownFileType = file.xib; path = ConfirmPopupView.xib; sourceTree = "<group>"; };
		FA6FB4491DC1B0E800692C05 /* RejectPopupView.xib */ = {isa = PBXFileReference; fileEncoding = 4; lastKnownFileType = file.xib; path = RejectPopupView.xib; sourceTree = "<group>"; };
		FA730CC11DBDE88B003CD52E /* PonStaffApp.app */ = {isa = PBXFileReference; explicitFileType = wrapper.application; includeInIndex = 0; path = PonStaffApp.app; sourceTree = BUILT_PRODUCTS_DIR; };
		FA730CCB1DBDE88B003CD52E /* Assets.xcassets */ = {isa = PBXFileReference; lastKnownFileType = folder.assetcatalog; path = Assets.xcassets; sourceTree = "<group>"; };
		FA730CCE1DBDE88B003CD52E /* Base */ = {isa = PBXFileReference; lastKnownFileType = file.storyboard; name = Base; path = Base.lproj/LaunchScreen.storyboard; sourceTree = "<group>"; };
		FA730CD01DBDE88B003CD52E /* Info.plist */ = {isa = PBXFileReference; lastKnownFileType = text.plist.xml; path = Info.plist; sourceTree = "<group>"; };
		FA730CDB1DBDFA03003CD52E /* ApiEndpoint.swift */ = {isa = PBXFileReference; fileEncoding = 4; lastKnownFileType = sourcecode.swift; path = ApiEndpoint.swift; sourceTree = "<group>"; };
		FA730CDC1DBDFA03003CD52E /* ApiFileUpload.swift */ = {isa = PBXFileReference; fileEncoding = 4; lastKnownFileType = sourcecode.swift; path = ApiFileUpload.swift; sourceTree = "<group>"; };
		FA730CDD1DBDFA03003CD52E /* ApiManager.swift */ = {isa = PBXFileReference; fileEncoding = 4; lastKnownFileType = sourcecode.swift; path = ApiManager.swift; sourceTree = "<group>"; };
		FA730CDE1DBDFA03003CD52E /* ApiRequest.swift */ = {isa = PBXFileReference; fileEncoding = 4; lastKnownFileType = sourcecode.swift; path = ApiRequest.swift; sourceTree = "<group>"; };
		FA730CDF1DBDFA03003CD52E /* ApiResponse.swift */ = {isa = PBXFileReference; fileEncoding = 4; lastKnownFileType = sourcecode.swift; path = ApiResponse.swift; sourceTree = "<group>"; };
		FA730CE11DBDFA03003CD52E /* ErrorMessage.swift */ = {isa = PBXFileReference; fileEncoding = 4; lastKnownFileType = sourcecode.swift; path = ErrorMessage.swift; sourceTree = "<group>"; };
		FA730CE21DBDFA03003CD52E /* GlobalConstant.swift */ = {isa = PBXFileReference; fileEncoding = 4; lastKnownFileType = sourcecode.swift; path = GlobalConstant.swift; sourceTree = "<group>"; };
		FA730CE41DBDFA03003CD52E /* ObjC-Header.h */ = {isa = PBXFileReference; fileEncoding = 4; lastKnownFileType = sourcecode.c.h; path = "ObjC-Header.h"; sourceTree = "<group>"; };
		FA730D471DBDFA6D003CD52E /* Reachability.h */ = {isa = PBXFileReference; fileEncoding = 4; lastKnownFileType = sourcecode.c.h; path = Reachability.h; sourceTree = "<group>"; };
		FA730D481DBDFA6D003CD52E /* Reachability.m */ = {isa = PBXFileReference; fileEncoding = 4; lastKnownFileType = sourcecode.c.objc; path = Reachability.m; sourceTree = "<group>"; };
		FA730D561DBDFA6D003CD52E /* SwiftyJSON.swift */ = {isa = PBXFileReference; fileEncoding = 4; lastKnownFileType = sourcecode.swift; path = SwiftyJSON.swift; sourceTree = "<group>"; };
		FA730D581DBDFA6D003CD52E /* DefaultsKeysExtension.swift */ = {isa = PBXFileReference; fileEncoding = 4; lastKnownFileType = sourcecode.swift; path = DefaultsKeysExtension.swift; sourceTree = "<group>"; };
		FA730D591DBDFA6D003CD52E /* SwiftyUserDefaults.swift */ = {isa = PBXFileReference; fileEncoding = 4; lastKnownFileType = sourcecode.swift; path = SwiftyUserDefaults.swift; sourceTree = "<group>"; };
		FA730D961DBDFAD0003CD52E /* ReachabilityManager.swift */ = {isa = PBXFileReference; fileEncoding = 4; lastKnownFileType = sourcecode.swift; path = ReachabilityManager.swift; sourceTree = "<group>"; };
		FA730D981DBDFAD0003CD52E /* UserDataManager.swift */ = {isa = PBXFileReference; fileEncoding = 4; lastKnownFileType = sourcecode.swift; path = UserDataManager.swift; sourceTree = "<group>"; };
		FA730DA01DBDFB00003CD52E /* BaseNavigationController.swift */ = {isa = PBXFileReference; fileEncoding = 4; lastKnownFileType = sourcecode.swift; path = BaseNavigationController.swift; sourceTree = "<group>"; };
		FA730DA11DBDFB00003CD52E /* BaseTabBarController.swift */ = {isa = PBXFileReference; fileEncoding = 4; lastKnownFileType = sourcecode.swift; path = BaseTabBarController.swift; sourceTree = "<group>"; };
		FA730DA21DBDFB00003CD52E /* BaseViewController.swift */ = {isa = PBXFileReference; fileEncoding = 4; lastKnownFileType = sourcecode.swift; path = BaseViewController.swift; sourceTree = "<group>"; };
		FA730DEA1DBDFB3E003CD52E /* HLKSharedResources.swift */ = {isa = PBXFileReference; fileEncoding = 4; lastKnownFileType = sourcecode.swift; path = HLKSharedResources.swift; sourceTree = "<group>"; };
		FA730DEC1DBDFB3E003CD52E /* HLKDropDownTextField.swift */ = {isa = PBXFileReference; fileEncoding = 4; lastKnownFileType = sourcecode.swift; path = HLKDropDownTextField.swift; sourceTree = "<group>"; };
		FA730DED1DBDFB3E003CD52E /* HLKLinearScrollView.swift */ = {isa = PBXFileReference; fileEncoding = 4; lastKnownFileType = sourcecode.swift; path = HLKLinearScrollView.swift; sourceTree = "<group>"; };
		FA730DEE1DBDFB3E003CD52E /* HLKTextField.swift */ = {isa = PBXFileReference; fileEncoding = 4; lastKnownFileType = sourcecode.swift; path = HLKTextField.swift; sourceTree = "<group>"; };
		FA730DF01DBDFB3E003CD52E /* MKMapViewExtension.swift */ = {isa = PBXFileReference; fileEncoding = 4; lastKnownFileType = sourcecode.swift; path = MKMapViewExtension.swift; sourceTree = "<group>"; };
		FA730DF11DBDFB3E003CD52E /* StringExtension.swift */ = {isa = PBXFileReference; fileEncoding = 4; lastKnownFileType = sourcecode.swift; path = StringExtension.swift; sourceTree = "<group>"; };
		FA730DF21DBDFB3E003CD52E /* TypeConversionHelper.swift */ = {isa = PBXFileReference; fileEncoding = 4; lastKnownFileType = sourcecode.swift; path = TypeConversionHelper.swift; sourceTree = "<group>"; };
		FA730DF31DBDFB3E003CD52E /* UIAlertControllerExtension.swift */ = {isa = PBXFileReference; fileEncoding = 4; lastKnownFileType = sourcecode.swift; path = UIAlertControllerExtension.swift; sourceTree = "<group>"; };
		FA730DF41DBDFB3E003CD52E /* UICollectionViewExtension.swift */ = {isa = PBXFileReference; fileEncoding = 4; lastKnownFileType = sourcecode.swift; path = UICollectionViewExtension.swift; sourceTree = "<group>"; };
		FA730DF51DBDFB3E003CD52E /* UIColorExtension.swift */ = {isa = PBXFileReference; fileEncoding = 4; lastKnownFileType = sourcecode.swift; path = UIColorExtension.swift; sourceTree = "<group>"; };
		FA730DF61DBDFB3E003CD52E /* UIImageExtension.swift */ = {isa = PBXFileReference; fileEncoding = 4; lastKnownFileType = sourcecode.swift; path = UIImageExtension.swift; sourceTree = "<group>"; };
		FA730DF71DBDFB3E003CD52E /* UILabelExtension.swift */ = {isa = PBXFileReference; fileEncoding = 4; lastKnownFileType = sourcecode.swift; path = UILabelExtension.swift; sourceTree = "<group>"; };
		FA730DF81DBDFB3E003CD52E /* UINavigationControllerExtension.swift */ = {isa = PBXFileReference; fileEncoding = 4; lastKnownFileType = sourcecode.swift; path = UINavigationControllerExtension.swift; sourceTree = "<group>"; };
		FA730DF91DBDFB3E003CD52E /* UIScrollViewExtension.swift */ = {isa = PBXFileReference; fileEncoding = 4; lastKnownFileType = sourcecode.swift; path = UIScrollViewExtension.swift; sourceTree = "<group>"; };
		FA730DFA1DBDFB3E003CD52E /* UITableViewExtension.swift */ = {isa = PBXFileReference; fileEncoding = 4; lastKnownFileType = sourcecode.swift; path = UITableViewExtension.swift; sourceTree = "<group>"; };
		FA730DFB1DBDFB3E003CD52E /* UIViewControllerExtension.swift */ = {isa = PBXFileReference; fileEncoding = 4; lastKnownFileType = sourcecode.swift; path = UIViewControllerExtension.swift; sourceTree = "<group>"; };
		FA730DFC1DBDFB3E003CD52E /* UIViewExtension.swift */ = {isa = PBXFileReference; fileEncoding = 4; lastKnownFileType = sourcecode.swift; path = UIViewExtension.swift; sourceTree = "<group>"; };
		FA730DFE1DBDFB3E003CD52E /* LoggingPrint.swift */ = {isa = PBXFileReference; fileEncoding = 4; lastKnownFileType = sourcecode.swift; path = LoggingPrint.swift; sourceTree = "<group>"; };
		FA730E131DBDFB6B003CD52E /* HiraginoSansUIFont.swift */ = {isa = PBXFileReference; fileEncoding = 4; lastKnownFileType = sourcecode.swift; path = HiraginoSansUIFont.swift; sourceTree = "<group>"; };
		FA730E201DBDFB92003CD52E /* HiraginoSans-W4.ttc */ = {isa = PBXFileReference; lastKnownFileType = file; path = "HiraginoSans-W4.ttc"; sourceTree = "<group>"; };
		FA730E211DBDFB92003CD52E /* HiraginoSans-W5.ttc */ = {isa = PBXFileReference; lastKnownFileType = file; path = "HiraginoSans-W5.ttc"; sourceTree = "<group>"; };
		FA730E221DBDFB92003CD52E /* HiraginoSans-W6.ttc */ = {isa = PBXFileReference; lastKnownFileType = file; path = "HiraginoSans-W6.ttc"; sourceTree = "<group>"; };
		FA730F211DBDFC03003CD52E /* AppDelegate.swift */ = {isa = PBXFileReference; fileEncoding = 4; lastKnownFileType = sourcecode.swift; path = AppDelegate.swift; sourceTree = "<group>"; };
		FA730F241DBDFC72003CD52E /* Main.storyboard */ = {isa = PBXFileReference; fileEncoding = 4; lastKnownFileType = file.storyboard; path = Main.storyboard; sourceTree = "<group>"; };
		FADC345E1DC1D88700E10E3F /* PopupView.swift */ = {isa = PBXFileReference; fileEncoding = 4; lastKnownFileType = sourcecode.swift; path = PopupView.swift; sourceTree = "<group>"; };
		FADC34601DC1D8E200E10E3F /* PopupBackgroundView.swift */ = {isa = PBXFileReference; fileEncoding = 4; lastKnownFileType = sourcecode.swift; path = PopupBackgroundView.swift; sourceTree = "<group>"; };
		FADC34621DC1E61100E10E3F /* ic_account.png */ = {isa = PBXFileReference; lastKnownFileType = image.png; path = ic_account.png; sourceTree = "<group>"; };
		FADC34631DC1E61100E10E3F /* ic_account@2x.png */ = {isa = PBXFileReference; lastKnownFileType = image.png; path = "ic_account@2x.png"; sourceTree = "<group>"; };
		FADC34641DC1E61100E10E3F /* ic_account@3x.png */ = {isa = PBXFileReference; lastKnownFileType = image.png; path = "ic_account@3x.png"; sourceTree = "<group>"; };
		FADC34651DC1E61100E10E3F /* ic_back.png */ = {isa = PBXFileReference; lastKnownFileType = image.png; path = ic_back.png; sourceTree = "<group>"; };
		FADC34661DC1E61100E10E3F /* ic_back@2x.png */ = {isa = PBXFileReference; lastKnownFileType = image.png; path = "ic_back@2x.png"; sourceTree = "<group>"; };
		FADC34671DC1E61100E10E3F /* ic_back@3x.png */ = {isa = PBXFileReference; lastKnownFileType = image.png; path = "ic_back@3x.png"; sourceTree = "<group>"; };
		FADC34681DC1E61100E10E3F /* ic_facebook.png */ = {isa = PBXFileReference; lastKnownFileType = image.png; path = ic_facebook.png; sourceTree = "<group>"; };
		FADC34691DC1E61100E10E3F /* ic_facebook@2x.png */ = {isa = PBXFileReference; lastKnownFileType = image.png; path = "ic_facebook@2x.png"; sourceTree = "<group>"; };
		FADC346A1DC1E61100E10E3F /* ic_facebook@3x.png */ = {isa = PBXFileReference; lastKnownFileType = image.png; path = "ic_facebook@3x.png"; sourceTree = "<group>"; };
		FADC346B1DC1E61100E10E3F /* ic_flash.png */ = {isa = PBXFileReference; lastKnownFileType = image.png; path = ic_flash.png; sourceTree = "<group>"; };
		FADC346C1DC1E61100E10E3F /* ic_flash@2x.png */ = {isa = PBXFileReference; lastKnownFileType = image.png; path = "ic_flash@2x.png"; sourceTree = "<group>"; };
		FADC346D1DC1E61100E10E3F /* ic_flash@3x.png */ = {isa = PBXFileReference; lastKnownFileType = image.png; path = "ic_flash@3x.png"; sourceTree = "<group>"; };
		FADC346E1DC1E61100E10E3F /* ic_googleplus.png */ = {isa = PBXFileReference; lastKnownFileType = image.png; path = ic_googleplus.png; sourceTree = "<group>"; };
		FADC346F1DC1E61100E10E3F /* ic_googleplus@2x.png */ = {isa = PBXFileReference; lastKnownFileType = image.png; path = "ic_googleplus@2x.png"; sourceTree = "<group>"; };
		FADC34701DC1E61100E10E3F /* ic_googleplus@3x.png */ = {isa = PBXFileReference; lastKnownFileType = image.png; path = "ic_googleplus@3x.png"; sourceTree = "<group>"; };
		FADC34711DC1E61100E10E3F /* ic_heart.png */ = {isa = PBXFileReference; lastKnownFileType = image.png; path = ic_heart.png; sourceTree = "<group>"; };
		FADC34721DC1E61100E10E3F /* ic_heart@2x.png */ = {isa = PBXFileReference; lastKnownFileType = image.png; path = "ic_heart@2x.png"; sourceTree = "<group>"; };
		FADC34731DC1E61100E10E3F /* ic_heart@3x.png */ = {isa = PBXFileReference; lastKnownFileType = image.png; path = "ic_heart@3x.png"; sourceTree = "<group>"; };
		FADC34741DC1E61100E10E3F /* ic_menu.png */ = {isa = PBXFileReference; lastKnownFileType = image.png; path = ic_menu.png; sourceTree = "<group>"; };
		FADC34751DC1E61100E10E3F /* ic_menu@2x.png */ = {isa = PBXFileReference; lastKnownFileType = image.png; path = "ic_menu@2x.png"; sourceTree = "<group>"; };
		FADC34761DC1E61100E10E3F /* ic_menu@3x.png */ = {isa = PBXFileReference; lastKnownFileType = image.png; path = "ic_menu@3x.png"; sourceTree = "<group>"; };
		FADC34771DC1E61100E10E3F /* ic_password.png */ = {isa = PBXFileReference; lastKnownFileType = image.png; path = ic_password.png; sourceTree = "<group>"; };
		FADC34781DC1E61100E10E3F /* ic_password@2x.png */ = {isa = PBXFileReference; lastKnownFileType = image.png; path = "ic_password@2x.png"; sourceTree = "<group>"; };
		FADC34791DC1E61100E10E3F /* ic_password@3x.png */ = {isa = PBXFileReference; lastKnownFileType = image.png; path = "ic_password@3x.png"; sourceTree = "<group>"; };
		FADC347A1DC1E61100E10E3F /* ic_plane_paper.png */ = {isa = PBXFileReference; lastKnownFileType = image.png; path = ic_plane_paper.png; sourceTree = "<group>"; };
		FADC347B1DC1E61100E10E3F /* ic_plane_paper@2x.png */ = {isa = PBXFileReference; lastKnownFileType = image.png; path = "ic_plane_paper@2x.png"; sourceTree = "<group>"; };
		FADC347C1DC1E61100E10E3F /* ic_plane_paper@3x.png */ = {isa = PBXFileReference; lastKnownFileType = image.png; path = "ic_plane_paper@3x.png"; sourceTree = "<group>"; };
		FADC347D1DC1E61100E10E3F /* ic_qrcode_cam.png */ = {isa = PBXFileReference; lastKnownFileType = image.png; path = ic_qrcode_cam.png; sourceTree = "<group>"; };
		FADC347E1DC1E61100E10E3F /* ic_qrcode_cam@2x.png */ = {isa = PBXFileReference; lastKnownFileType = image.png; path = "ic_qrcode_cam@2x.png"; sourceTree = "<group>"; };
		FADC347F1DC1E61100E10E3F /* ic_qrcode_cam@3x.png */ = {isa = PBXFileReference; lastKnownFileType = image.png; path = "ic_qrcode_cam@3x.png"; sourceTree = "<group>"; };
		FADC34801DC1E61100E10E3F /* ic_sad.png */ = {isa = PBXFileReference; lastKnownFileType = image.png; path = ic_sad.png; sourceTree = "<group>"; };
		FADC34811DC1E61100E10E3F /* ic_sad@2x.png */ = {isa = PBXFileReference; lastKnownFileType = image.png; path = "ic_sad@2x.png"; sourceTree = "<group>"; };
		FADC34821DC1E61100E10E3F /* ic_sad@3x.png */ = {isa = PBXFileReference; lastKnownFileType = image.png; path = "ic_sad@3x.png"; sourceTree = "<group>"; };
		FADC34831DC1E61100E10E3F /* plane_paper.png */ = {isa = PBXFileReference; lastKnownFileType = image.png; path = plane_paper.png; sourceTree = "<group>"; };
		FADC34841DC1E61100E10E3F /* plane_paper@2x.png */ = {isa = PBXFileReference; lastKnownFileType = image.png; path = "plane_paper@2x.png"; sourceTree = "<group>"; };
		FADC34851DC1E61100E10E3F /* plane_paper@3x.png */ = {isa = PBXFileReference; lastKnownFileType = image.png; path = "plane_paper@3x.png"; sourceTree = "<group>"; };
		FADC34AC1DC1EA7800E10E3F /* IQNSArray+Sort.h */ = {isa = PBXFileReference; fileEncoding = 4; lastKnownFileType = sourcecode.c.h; path = "IQNSArray+Sort.h"; sourceTree = "<group>"; };
		FADC34AD1DC1EA7800E10E3F /* IQNSArray+Sort.m */ = {isa = PBXFileReference; fileEncoding = 4; lastKnownFileType = sourcecode.c.objc; path = "IQNSArray+Sort.m"; sourceTree = "<group>"; };
		FADC34AE1DC1EA7800E10E3F /* IQUIScrollView+Additions.h */ = {isa = PBXFileReference; fileEncoding = 4; lastKnownFileType = sourcecode.c.h; path = "IQUIScrollView+Additions.h"; sourceTree = "<group>"; };
		FADC34AF1DC1EA7800E10E3F /* IQUIScrollView+Additions.m */ = {isa = PBXFileReference; fileEncoding = 4; lastKnownFileType = sourcecode.c.objc; path = "IQUIScrollView+Additions.m"; sourceTree = "<group>"; };
		FADC34B01DC1EA7800E10E3F /* IQUITextFieldView+Additions.h */ = {isa = PBXFileReference; fileEncoding = 4; lastKnownFileType = sourcecode.c.h; path = "IQUITextFieldView+Additions.h"; sourceTree = "<group>"; };
		FADC34B11DC1EA7800E10E3F /* IQUITextFieldView+Additions.m */ = {isa = PBXFileReference; fileEncoding = 4; lastKnownFileType = sourcecode.c.objc; path = "IQUITextFieldView+Additions.m"; sourceTree = "<group>"; };
		FADC34B21DC1EA7800E10E3F /* IQUIView+Hierarchy.h */ = {isa = PBXFileReference; fileEncoding = 4; lastKnownFileType = sourcecode.c.h; path = "IQUIView+Hierarchy.h"; sourceTree = "<group>"; };
		FADC34B31DC1EA7800E10E3F /* IQUIView+Hierarchy.m */ = {isa = PBXFileReference; fileEncoding = 4; lastKnownFileType = sourcecode.c.objc; path = "IQUIView+Hierarchy.m"; sourceTree = "<group>"; };
		FADC34B41DC1EA7800E10E3F /* IQUIViewController+Additions.h */ = {isa = PBXFileReference; fileEncoding = 4; lastKnownFileType = sourcecode.c.h; path = "IQUIViewController+Additions.h"; sourceTree = "<group>"; };
		FADC34B51DC1EA7800E10E3F /* IQUIViewController+Additions.m */ = {isa = PBXFileReference; fileEncoding = 4; lastKnownFileType = sourcecode.c.objc; path = "IQUIViewController+Additions.m"; sourceTree = "<group>"; };
		FADC34B61DC1EA7800E10E3F /* IQUIWindow+Hierarchy.h */ = {isa = PBXFileReference; fileEncoding = 4; lastKnownFileType = sourcecode.c.h; path = "IQUIWindow+Hierarchy.h"; sourceTree = "<group>"; };
		FADC34B71DC1EA7800E10E3F /* IQUIWindow+Hierarchy.m */ = {isa = PBXFileReference; fileEncoding = 4; lastKnownFileType = sourcecode.c.objc; path = "IQUIWindow+Hierarchy.m"; sourceTree = "<group>"; };
		FADC34B91DC1EA7800E10E3F /* IQKeyboardManagerConstants.h */ = {isa = PBXFileReference; fileEncoding = 4; lastKnownFileType = sourcecode.c.h; path = IQKeyboardManagerConstants.h; sourceTree = "<group>"; };
		FADC34BA1DC1EA7800E10E3F /* IQKeyboardManagerConstantsInternal.h */ = {isa = PBXFileReference; fileEncoding = 4; lastKnownFileType = sourcecode.c.h; path = IQKeyboardManagerConstantsInternal.h; sourceTree = "<group>"; };
		FADC34BB1DC1EA7800E10E3F /* IQKeyboardManager.h */ = {isa = PBXFileReference; fileEncoding = 4; lastKnownFileType = sourcecode.c.h; path = IQKeyboardManager.h; sourceTree = "<group>"; };
		FADC34BC1DC1EA7800E10E3F /* IQKeyboardManager.m */ = {isa = PBXFileReference; fileEncoding = 4; lastKnownFileType = sourcecode.c.objc; path = IQKeyboardManager.m; sourceTree = "<group>"; };
		FADC34BD1DC1EA7800E10E3F /* IQKeyboardReturnKeyHandler.h */ = {isa = PBXFileReference; fileEncoding = 4; lastKnownFileType = sourcecode.c.h; path = IQKeyboardReturnKeyHandler.h; sourceTree = "<group>"; };
		FADC34BE1DC1EA7800E10E3F /* IQKeyboardReturnKeyHandler.m */ = {isa = PBXFileReference; fileEncoding = 4; lastKnownFileType = sourcecode.c.objc; path = IQKeyboardReturnKeyHandler.m; sourceTree = "<group>"; };
		FADC34C01DC1EA7800E10E3F /* IQTextView.h */ = {isa = PBXFileReference; fileEncoding = 4; lastKnownFileType = sourcecode.c.h; path = IQTextView.h; sourceTree = "<group>"; };
		FADC34C11DC1EA7800E10E3F /* IQTextView.m */ = {isa = PBXFileReference; fileEncoding = 4; lastKnownFileType = sourcecode.c.objc; path = IQTextView.m; sourceTree = "<group>"; };
		FADC34C31DC1EA7800E10E3F /* IQBarButtonItem.h */ = {isa = PBXFileReference; fileEncoding = 4; lastKnownFileType = sourcecode.c.h; path = IQBarButtonItem.h; sourceTree = "<group>"; };
		FADC34C41DC1EA7800E10E3F /* IQBarButtonItem.m */ = {isa = PBXFileReference; fileEncoding = 4; lastKnownFileType = sourcecode.c.objc; path = IQBarButtonItem.m; sourceTree = "<group>"; };
		FADC34C51DC1EA7800E10E3F /* IQPreviousNextView.h */ = {isa = PBXFileReference; fileEncoding = 4; lastKnownFileType = sourcecode.c.h; path = IQPreviousNextView.h; sourceTree = "<group>"; };
		FADC34C61DC1EA7800E10E3F /* IQPreviousNextView.m */ = {isa = PBXFileReference; fileEncoding = 4; lastKnownFileType = sourcecode.c.objc; path = IQPreviousNextView.m; sourceTree = "<group>"; };
		FADC34C71DC1EA7800E10E3F /* IQTitleBarButtonItem.h */ = {isa = PBXFileReference; fileEncoding = 4; lastKnownFileType = sourcecode.c.h; path = IQTitleBarButtonItem.h; sourceTree = "<group>"; };
		FADC34C81DC1EA7800E10E3F /* IQTitleBarButtonItem.m */ = {isa = PBXFileReference; fileEncoding = 4; lastKnownFileType = sourcecode.c.objc; path = IQTitleBarButtonItem.m; sourceTree = "<group>"; };
		FADC34C91DC1EA7800E10E3F /* IQToolbar.h */ = {isa = PBXFileReference; fileEncoding = 4; lastKnownFileType = sourcecode.c.h; path = IQToolbar.h; sourceTree = "<group>"; };
		FADC34CA1DC1EA7800E10E3F /* IQToolbar.m */ = {isa = PBXFileReference; fileEncoding = 4; lastKnownFileType = sourcecode.c.objc; path = IQToolbar.m; sourceTree = "<group>"; };
		FADC34CB1DC1EA7800E10E3F /* IQUIView+IQKeyboardToolbar.h */ = {isa = PBXFileReference; fileEncoding = 4; lastKnownFileType = sourcecode.c.h; path = "IQUIView+IQKeyboardToolbar.h"; sourceTree = "<group>"; };
		FADC34CC1DC1EA7800E10E3F /* IQUIView+IQKeyboardToolbar.m */ = {isa = PBXFileReference; fileEncoding = 4; lastKnownFileType = sourcecode.c.objc; path = "IQUIView+IQKeyboardToolbar.m"; sourceTree = "<group>"; };
		FADC34CE1DC1EA7800E10E3F /* IQKeyboardManager.bundle */ = {isa = PBXFileReference; lastKnownFileType = "wrapper.plug-in"; path = IQKeyboardManager.bundle; sourceTree = "<group>"; };
		FADC34DE1DC1ED2300E10E3F /* AVFoundation.framework */ = {isa = PBXFileReference; lastKnownFileType = wrapper.framework; name = AVFoundation.framework; path = System/Library/Frameworks/AVFoundation.framework; sourceTree = SDKROOT; };
/* End PBXFileReference section */

/* Begin PBXFrameworksBuildPhase section */
		FA730CBE1DBDE88B003CD52E /* Frameworks */ = {
			isa = PBXFrameworksBuildPhase;
			buildActionMask = 2147483647;
			files = (
				FADC34DF1DC1ED2300E10E3F /* AVFoundation.framework in Frameworks */,
				614B3343D721050FFFA749DB /* Pods_PonStaffApp.framework in Frameworks */,
			);
			runOnlyForDeploymentPostprocessing = 0;
		};
/* End PBXFrameworksBuildPhase section */

/* Begin PBXGroup section */
		1423107335FEF6610EA092B1 /* Frameworks */ = {
			isa = PBXGroup;
			children = (
				FADC34DE1DC1ED2300E10E3F /* AVFoundation.framework */,
				47F350BEA86070BCFF1C3E04 /* Pods_PonStaffApp.framework */,
			);
			name = Frameworks;
			sourceTree = "<group>";
		};
		D631AA9B32078B2ADDAC0503 /* Pods */ = {
			isa = PBXGroup;
			children = (
				E9F47E1E113F2A33123C0B24 /* Pods-PonStaffApp.debug.xcconfig */,
				9F778D7426D7EF973DD94775 /* Pods-PonStaffApp.release.xcconfig */,
			);
			name = Pods;
			sourceTree = "<group>";
		};
		FA0403781DBF0F940001B63F /* View */ = {
			isa = PBXGroup;
			children = (
				FADC345D1DC1D88700E10E3F /* PopupView */,
				FA6FB43A1DC1B05300692C05 /* AcceptPopupView */,
				FA6FB43B1DC1B05300692C05 /* ConfirmPopupView */,
				FA6FB43C1DC1B05300692C05 /* RejectPopupView */,
				FA04037A1DBF0F940001B63F /* BottomBorderView.swift */,
				FA04037B1DBF0F940001B63F /* CircleImageView.swift */,
				FA04037D1DBF0F940001B63F /* DesignableImageView.swift */,
				FA04037E1DBF0F940001B63F /* DesignableView.swift */,
				FA0403801DBF0F940001B63F /* LeftBorderView.swift */,
				FA0403831DBF0F940001B63F /* PaddingLabel.swift */,
				FA0403841DBF0F940001B63F /* RightBorderView.swift */,
				FA0403851DBF0F940001B63F /* ShadowView.swift */,
				FA0403871DBF0F940001B63F /* TopBorderView.swift */,
				FA0403971DBF10650001B63F /* DesignableButton.swift */,
			);
			path = View;
			sourceTree = "<group>";
		};
		FA06E8101DBF546800256312 /* QRCode */ = {
			isa = PBXGroup;
			children = (
				FA06E8111DBF546800256312 /* QRCode.swift */,
			);
			path = QRCode;
			sourceTree = "<group>";
		};
		FA12FF2A1DBEF2D3002D0B11 /* View */ = {
			isa = PBXGroup;
			children = (
				FA36E8691DBF428900BE2D0F /* Cell */,
				FA0403781DBF0F940001B63F /* View */,
				FA12FF2B1DBEF323002D0B11 /* SideMenuView */,
			);
			path = View;
			sourceTree = "<group>";
		};
		FA12FF2B1DBEF323002D0B11 /* SideMenuView */ = {
			isa = PBXGroup;
			children = (
				FA12FF2C1DBEF344002D0B11 /* SideMenuView.swift */,
				FA12FF2E1DBEF478002D0B11 /* SideMenuView.xib */,
			);
			path = SideMenuView;
			sourceTree = "<group>";
		};
		FA36E8691DBF428900BE2D0F /* Cell */ = {
			isa = PBXGroup;
			children = (
				FA36E8761DBF4D6900BE2D0F /* RequestCouponCell.swift */,
			);
			path = Cell;
			sourceTree = "<group>";
		};
		FA6FB43A1DC1B05300692C05 /* AcceptPopupView */ = {
			isa = PBXGroup;
			children = (
				FA6FB43F1DC1B0A500692C05 /* AcceptPopupView.swift */,
				FA6FB4451DC1B0CF00692C05 /* AcceptPopupView.xib */,
			);
			path = AcceptPopupView;
			sourceTree = "<group>";
		};
		FA6FB43B1DC1B05300692C05 /* ConfirmPopupView */ = {
			isa = PBXGroup;
			children = (
				FA6FB4411DC1B0B600692C05 /* ConfirmPopupView.swift */,
				FA6FB4471DC1B0DC00692C05 /* ConfirmPopupView.xib */,
			);
			path = ConfirmPopupView;
			sourceTree = "<group>";
		};
		FA6FB43C1DC1B05300692C05 /* RejectPopupView */ = {
			isa = PBXGroup;
			children = (
				FA6FB4431DC1B0C300692C05 /* RejectPopupView.swift */,
				FA6FB4491DC1B0E800692C05 /* RejectPopupView.xib */,
			);
			path = RejectPopupView;
			sourceTree = "<group>";
		};
		FA730CB81DBDE88B003CD52E = {
			isa = PBXGroup;
			children = (
				FA730CC31DBDE88B003CD52E /* PonStaffApp */,
				FA730CC21DBDE88B003CD52E /* Products */,
				D631AA9B32078B2ADDAC0503 /* Pods */,
				1423107335FEF6610EA092B1 /* Frameworks */,
			);
			sourceTree = "<group>";
		};
		FA730CC21DBDE88B003CD52E /* Products */ = {
			isa = PBXGroup;
			children = (
				FA730CC11DBDE88B003CD52E /* PonStaffApp.app */,
			);
			name = Products;
			sourceTree = "<group>";
		};
		FA730CC31DBDE88B003CD52E /* PonStaffApp */ = {
			isa = PBXGroup;
			children = (
				FA12FF2A1DBEF2D3002D0B11 /* View */,
				FA730F231DBDFC63003CD52E /* StoryBoard */,
				FA730F201DBDFC03003CD52E /* App */,
				FA730E1E1DBDFB92003CD52E /* Resources */,
				FA730E111DBDFB6B003CD52E /* Helper */,
				FA730DE61DBDFB3E003CD52E /* Libraries */,
				FA730D9E1DBDFB00003CD52E /* ViewController */,
				FA730D931DBDFAD0003CD52E /* Manager */,
				FA730CEC1DBDFA6D003CD52E /* Vendor */,
				FA730CDA1DBDFA03003CD52E /* Api */,
				FA730CE01DBDFA03003CD52E /* Constant */,
				FA730CE31DBDFA03003CD52E /* Header */,
				FA730CCB1DBDE88B003CD52E /* Assets.xcassets */,
				FA730CCD1DBDE88B003CD52E /* LaunchScreen.storyboard */,
				FA730CD01DBDE88B003CD52E /* Info.plist */,
			);
			path = PonStaffApp;
			sourceTree = "<group>";
		};
		FA730CDA1DBDFA03003CD52E /* Api */ = {
			isa = PBXGroup;
			children = (
				FA730CDB1DBDFA03003CD52E /* ApiEndpoint.swift */,
				FA730CDC1DBDFA03003CD52E /* ApiFileUpload.swift */,
				FA730CDD1DBDFA03003CD52E /* ApiManager.swift */,
				FA730CDE1DBDFA03003CD52E /* ApiRequest.swift */,
				FA730CDF1DBDFA03003CD52E /* ApiResponse.swift */,
			);
			path = Api;
			sourceTree = "<group>";
		};
		FA730CE01DBDFA03003CD52E /* Constant */ = {
			isa = PBXGroup;
			children = (
				FA730CE11DBDFA03003CD52E /* ErrorMessage.swift */,
				FA730CE21DBDFA03003CD52E /* GlobalConstant.swift */,
			);
			path = Constant;
			sourceTree = "<group>";
		};
		FA730CE31DBDFA03003CD52E /* Header */ = {
			isa = PBXGroup;
			children = (
				FA730CE41DBDFA03003CD52E /* ObjC-Header.h */,
			);
			path = Header;
			sourceTree = "<group>";
		};
		FA730CEC1DBDFA6D003CD52E /* Vendor */ = {
			isa = PBXGroup;
			children = (
				FADC34AA1DC1EA7800E10E3F /* IQKeyboardManager */,
				FA06E8101DBF546800256312 /* QRCode */,
				FA730D461DBDFA6D003CD52E /* Reachability */,
				FA730D551DBDFA6D003CD52E /* SwiftyJSON */,
				FA730D571DBDFA6D003CD52E /* SwiftyUserDefaults */,
			);
			path = Vendor;
			sourceTree = "<group>";
		};
		FA730D461DBDFA6D003CD52E /* Reachability */ = {
			isa = PBXGroup;
			children = (
				FA730D471DBDFA6D003CD52E /* Reachability.h */,
				FA730D481DBDFA6D003CD52E /* Reachability.m */,
			);
			path = Reachability;
			sourceTree = "<group>";
		};
		FA730D551DBDFA6D003CD52E /* SwiftyJSON */ = {
			isa = PBXGroup;
			children = (
				FA730D561DBDFA6D003CD52E /* SwiftyJSON.swift */,
			);
			path = SwiftyJSON;
			sourceTree = "<group>";
		};
		FA730D571DBDFA6D003CD52E /* SwiftyUserDefaults */ = {
			isa = PBXGroup;
			children = (
				FA730D581DBDFA6D003CD52E /* DefaultsKeysExtension.swift */,
				FA730D591DBDFA6D003CD52E /* SwiftyUserDefaults.swift */,
			);
			path = SwiftyUserDefaults;
			sourceTree = "<group>";
		};
		FA730D931DBDFAD0003CD52E /* Manager */ = {
			isa = PBXGroup;
			children = (
				FA730D961DBDFAD0003CD52E /* ReachabilityManager.swift */,
				FA730D981DBDFAD0003CD52E /* UserDataManager.swift */,
			);
			path = Manager;
			sourceTree = "<group>";
		};
		FA730D9E1DBDFB00003CD52E /* ViewController */ = {
			isa = PBXGroup;
			children = (
				FA730D9F1DBDFB00003CD52E /* Base */,
				FA730DA71DBDFB00003CD52E /* UI */,
			);
			path = ViewController;
			sourceTree = "<group>";
		};
		FA730D9F1DBDFB00003CD52E /* Base */ = {
			isa = PBXGroup;
			children = (
				FA730DA01DBDFB00003CD52E /* BaseNavigationController.swift */,
				FA730DA11DBDFB00003CD52E /* BaseTabBarController.swift */,
				FA730DA21DBDFB00003CD52E /* BaseViewController.swift */,
			);
			path = Base;
			sourceTree = "<group>";
		};
		FA730DA71DBDFB00003CD52E /* UI */ = {
			isa = PBXGroup;
			children = (
				FA12FF281DBEEA20002D0B11 /* SignInViewController.swift */,
				FA12FF301DBEF79F002D0B11 /* RequestCouponViewController.swift */,
				FA12FF321DBEF826002D0B11 /* PointViewController.swift */,
				FA36E8781DBF500E00BE2D0F /* QRCodeReaderViewController.swift */,
			);
			path = UI;
			sourceTree = "<group>";
		};
		FA730DE61DBDFB3E003CD52E /* Libraries */ = {
			isa = PBXGroup;
			children = (
				FA730DE71DBDFB3E003CD52E /* HLKit */,
			);
			path = Libraries;
			sourceTree = "<group>";
		};
		FA730DE71DBDFB3E003CD52E /* HLKit */ = {
			isa = PBXGroup;
			children = (
				FA730DE81DBDFB3E003CD52E /* Customs */,
				FA730DEF1DBDFB3E003CD52E /* Extensions */,
				FA730DFD1DBDFB3E003CD52E /* Helpers */,
			);
			path = HLKit;
			sourceTree = "<group>";
		};
		FA730DE81DBDFB3E003CD52E /* Customs */ = {
			isa = PBXGroup;
			children = (
				FA730DE91DBDFB3E003CD52E /* Foundation */,
				FA730DEB1DBDFB3E003CD52E /* UI */,
			);
			path = Customs;
			sourceTree = "<group>";
		};
		FA730DE91DBDFB3E003CD52E /* Foundation */ = {
			isa = PBXGroup;
			children = (
				FA730DEA1DBDFB3E003CD52E /* HLKSharedResources.swift */,
			);
			path = Foundation;
			sourceTree = "<group>";
		};
		FA730DEB1DBDFB3E003CD52E /* UI */ = {
			isa = PBXGroup;
			children = (
				FA730DEC1DBDFB3E003CD52E /* HLKDropDownTextField.swift */,
				FA730DED1DBDFB3E003CD52E /* HLKLinearScrollView.swift */,
				FA730DEE1DBDFB3E003CD52E /* HLKTextField.swift */,
			);
			path = UI;
			sourceTree = "<group>";
		};
		FA730DEF1DBDFB3E003CD52E /* Extensions */ = {
			isa = PBXGroup;
			children = (
				FA730DF01DBDFB3E003CD52E /* MKMapViewExtension.swift */,
				FA730DF11DBDFB3E003CD52E /* StringExtension.swift */,
				FA730DF21DBDFB3E003CD52E /* TypeConversionHelper.swift */,
				FA730DF31DBDFB3E003CD52E /* UIAlertControllerExtension.swift */,
				FA730DF41DBDFB3E003CD52E /* UICollectionViewExtension.swift */,
				FA730DF51DBDFB3E003CD52E /* UIColorExtension.swift */,
				FA730DF61DBDFB3E003CD52E /* UIImageExtension.swift */,
				FA730DF71DBDFB3E003CD52E /* UILabelExtension.swift */,
				FA730DF81DBDFB3E003CD52E /* UINavigationControllerExtension.swift */,
				FA730DF91DBDFB3E003CD52E /* UIScrollViewExtension.swift */,
				FA730DFA1DBDFB3E003CD52E /* UITableViewExtension.swift */,
				FA730DFB1DBDFB3E003CD52E /* UIViewControllerExtension.swift */,
				FA730DFC1DBDFB3E003CD52E /* UIViewExtension.swift */,
			);
			path = Extensions;
			sourceTree = "<group>";
		};
		FA730DFD1DBDFB3E003CD52E /* Helpers */ = {
			isa = PBXGroup;
			children = (
				FA730DFE1DBDFB3E003CD52E /* LoggingPrint.swift */,
			);
			path = Helpers;
			sourceTree = "<group>";
		};
		FA730E111DBDFB6B003CD52E /* Helper */ = {
			isa = PBXGroup;
			children = (
				FA730E131DBDFB6B003CD52E /* HiraginoSansUIFont.swift */,
			);
			path = Helper;
			sourceTree = "<group>";
		};
		FA730E1E1DBDFB92003CD52E /* Resources */ = {
			isa = PBXGroup;
			children = (
				FA730E1F1DBDFB92003CD52E /* HiraginoSans */,
				FA730E231DBDFB92003CD52E /* Images */,
			);
			path = Resources;
			sourceTree = "<group>";
		};
		FA730E1F1DBDFB92003CD52E /* HiraginoSans */ = {
			isa = PBXGroup;
			children = (
				FA730E201DBDFB92003CD52E /* HiraginoSans-W4.ttc */,
				FA730E211DBDFB92003CD52E /* HiraginoSans-W5.ttc */,
				FA730E221DBDFB92003CD52E /* HiraginoSans-W6.ttc */,
			);
			path = HiraginoSans;
			sourceTree = "<group>";
		};
		FA730E231DBDFB92003CD52E /* Images */ = {
			isa = PBXGroup;
			children = (
				FADC34621DC1E61100E10E3F /* ic_account.png */,
				FADC34631DC1E61100E10E3F /* ic_account@2x.png */,
				FADC34641DC1E61100E10E3F /* ic_account@3x.png */,
				FADC34651DC1E61100E10E3F /* ic_back.png */,
				FADC34661DC1E61100E10E3F /* ic_back@2x.png */,
				FADC34671DC1E61100E10E3F /* ic_back@3x.png */,
				FADC34681DC1E61100E10E3F /* ic_facebook.png */,
				FADC34691DC1E61100E10E3F /* ic_facebook@2x.png */,
				FADC346A1DC1E61100E10E3F /* ic_facebook@3x.png */,
				FADC346B1DC1E61100E10E3F /* ic_flash.png */,
				FADC346C1DC1E61100E10E3F /* ic_flash@2x.png */,
				FADC346D1DC1E61100E10E3F /* ic_flash@3x.png */,
				FADC346E1DC1E61100E10E3F /* ic_googleplus.png */,
				FADC346F1DC1E61100E10E3F /* ic_googleplus@2x.png */,
				FADC34701DC1E61100E10E3F /* ic_googleplus@3x.png */,
				FADC34711DC1E61100E10E3F /* ic_heart.png */,
				FADC34721DC1E61100E10E3F /* ic_heart@2x.png */,
				FADC34731DC1E61100E10E3F /* ic_heart@3x.png */,
				FADC34741DC1E61100E10E3F /* ic_menu.png */,
				FADC34751DC1E61100E10E3F /* ic_menu@2x.png */,
				FADC34761DC1E61100E10E3F /* ic_menu@3x.png */,
				FADC34771DC1E61100E10E3F /* ic_password.png */,
				FADC34781DC1E61100E10E3F /* ic_password@2x.png */,
				FADC34791DC1E61100E10E3F /* ic_password@3x.png */,
				FADC347A1DC1E61100E10E3F /* ic_plane_paper.png */,
				FADC347B1DC1E61100E10E3F /* ic_plane_paper@2x.png */,
				FADC347C1DC1E61100E10E3F /* ic_plane_paper@3x.png */,
				FADC347D1DC1E61100E10E3F /* ic_qrcode_cam.png */,
				FADC347E1DC1E61100E10E3F /* ic_qrcode_cam@2x.png */,
				FADC347F1DC1E61100E10E3F /* ic_qrcode_cam@3x.png */,
				FADC34801DC1E61100E10E3F /* ic_sad.png */,
				FADC34811DC1E61100E10E3F /* ic_sad@2x.png */,
				FADC34821DC1E61100E10E3F /* ic_sad@3x.png */,
				FADC34831DC1E61100E10E3F /* plane_paper.png */,
				FADC34841DC1E61100E10E3F /* plane_paper@2x.png */,
				FADC34851DC1E61100E10E3F /* plane_paper@3x.png */,
				FA36E8601DBF26A800BE2D0F /* request_coupon_icon@2x.png */,
			);
			path = Images;
			sourceTree = "<group>";
		};
		FA730F201DBDFC03003CD52E /* App */ = {
			isa = PBXGroup;
			children = (
				FA730F211DBDFC03003CD52E /* AppDelegate.swift */,
			);
			path = App;
			sourceTree = "<group>";
		};
		FA730F231DBDFC63003CD52E /* StoryBoard */ = {
			isa = PBXGroup;
			children = (
				FA730F241DBDFC72003CD52E /* Main.storyboard */,
			);
			path = StoryBoard;
			sourceTree = "<group>";
		};
		FADC345D1DC1D88700E10E3F /* PopupView */ = {
			isa = PBXGroup;
			children = (
				FADC345E1DC1D88700E10E3F /* PopupView.swift */,
				FADC34601DC1D8E200E10E3F /* PopupBackgroundView.swift */,
			);
			path = PopupView;
			sourceTree = "<group>";
		};
		FADC34AA1DC1EA7800E10E3F /* IQKeyboardManager */ = {
			isa = PBXGroup;
			children = (
				FADC34AB1DC1EA7800E10E3F /* Categories */,
				FADC34B81DC1EA7800E10E3F /* Constants */,
				FADC34BB1DC1EA7800E10E3F /* IQKeyboardManager.h */,
				FADC34BC1DC1EA7800E10E3F /* IQKeyboardManager.m */,
				FADC34BD1DC1EA7800E10E3F /* IQKeyboardReturnKeyHandler.h */,
				FADC34BE1DC1EA7800E10E3F /* IQKeyboardReturnKeyHandler.m */,
				FADC34BF1DC1EA7800E10E3F /* IQTextView */,
				FADC34C21DC1EA7800E10E3F /* IQToolbar */,
				FADC34CD1DC1EA7800E10E3F /* Resources */,
			);
			path = IQKeyboardManager;
			sourceTree = "<group>";
		};
		FADC34AB1DC1EA7800E10E3F /* Categories */ = {
			isa = PBXGroup;
			children = (
				FADC34AC1DC1EA7800E10E3F /* IQNSArray+Sort.h */,
				FADC34AD1DC1EA7800E10E3F /* IQNSArray+Sort.m */,
				FADC34AE1DC1EA7800E10E3F /* IQUIScrollView+Additions.h */,
				FADC34AF1DC1EA7800E10E3F /* IQUIScrollView+Additions.m */,
				FADC34B01DC1EA7800E10E3F /* IQUITextFieldView+Additions.h */,
				FADC34B11DC1EA7800E10E3F /* IQUITextFieldView+Additions.m */,
				FADC34B21DC1EA7800E10E3F /* IQUIView+Hierarchy.h */,
				FADC34B31DC1EA7800E10E3F /* IQUIView+Hierarchy.m */,
				FADC34B41DC1EA7800E10E3F /* IQUIViewController+Additions.h */,
				FADC34B51DC1EA7800E10E3F /* IQUIViewController+Additions.m */,
				FADC34B61DC1EA7800E10E3F /* IQUIWindow+Hierarchy.h */,
				FADC34B71DC1EA7800E10E3F /* IQUIWindow+Hierarchy.m */,
			);
			path = Categories;
			sourceTree = "<group>";
		};
		FADC34B81DC1EA7800E10E3F /* Constants */ = {
			isa = PBXGroup;
			children = (
				FADC34B91DC1EA7800E10E3F /* IQKeyboardManagerConstants.h */,
				FADC34BA1DC1EA7800E10E3F /* IQKeyboardManagerConstantsInternal.h */,
			);
			path = Constants;
			sourceTree = "<group>";
		};
		FADC34BF1DC1EA7800E10E3F /* IQTextView */ = {
			isa = PBXGroup;
			children = (
				FADC34C01DC1EA7800E10E3F /* IQTextView.h */,
				FADC34C11DC1EA7800E10E3F /* IQTextView.m */,
			);
			path = IQTextView;
			sourceTree = "<group>";
		};
		FADC34C21DC1EA7800E10E3F /* IQToolbar */ = {
			isa = PBXGroup;
			children = (
				FADC34C31DC1EA7800E10E3F /* IQBarButtonItem.h */,
				FADC34C41DC1EA7800E10E3F /* IQBarButtonItem.m */,
				FADC34C51DC1EA7800E10E3F /* IQPreviousNextView.h */,
				FADC34C61DC1EA7800E10E3F /* IQPreviousNextView.m */,
				FADC34C71DC1EA7800E10E3F /* IQTitleBarButtonItem.h */,
				FADC34C81DC1EA7800E10E3F /* IQTitleBarButtonItem.m */,
				FADC34C91DC1EA7800E10E3F /* IQToolbar.h */,
				FADC34CA1DC1EA7800E10E3F /* IQToolbar.m */,
				FADC34CB1DC1EA7800E10E3F /* IQUIView+IQKeyboardToolbar.h */,
				FADC34CC1DC1EA7800E10E3F /* IQUIView+IQKeyboardToolbar.m */,
			);
			path = IQToolbar;
			sourceTree = "<group>";
		};
		FADC34CD1DC1EA7800E10E3F /* Resources */ = {
			isa = PBXGroup;
			children = (
				FADC34CE1DC1EA7800E10E3F /* IQKeyboardManager.bundle */,
			);
			path = Resources;
			sourceTree = "<group>";
		};
/* End PBXGroup section */

/* Begin PBXNativeTarget section */
		FA730CC01DBDE88B003CD52E /* PonStaffApp */ = {
			isa = PBXNativeTarget;
			buildConfigurationList = FA730CD31DBDE88B003CD52E /* Build configuration list for PBXNativeTarget "PonStaffApp" */;
			buildPhases = (
				8417F927D6F9022C90E4CCEC /* [CP] Check Pods Manifest.lock */,
				FA730CBD1DBDE88B003CD52E /* Sources */,
				FA730CBE1DBDE88B003CD52E /* Frameworks */,
				FA730CBF1DBDE88B003CD52E /* Resources */,
				62C18C7AE3484820CA2B711C /* [CP] Embed Pods Frameworks */,
				91A9D71172754C0B915920DA /* [CP] Copy Pods Resources */,
			);
			buildRules = (
			);
			dependencies = (
			);
			name = PonStaffApp;
			productName = PonStaffApp;
			productReference = FA730CC11DBDE88B003CD52E /* PonStaffApp.app */;
			productType = "com.apple.product-type.application";
		};
/* End PBXNativeTarget section */

/* Begin PBXProject section */
		FA730CB91DBDE88B003CD52E /* Project object */ = {
			isa = PBXProject;
			attributes = {
				LastSwiftUpdateCheck = 0800;
				LastUpgradeCheck = 0800;
				ORGANIZATIONNAME = HaoLe;
				TargetAttributes = {
					FA730CC01DBDE88B003CD52E = {
						CreatedOnToolsVersion = 8.0;
						DevelopmentTeam = M8AF2Y2268;
						ProvisioningStyle = Automatic;
					};
				};
			};
			buildConfigurationList = FA730CBC1DBDE88B003CD52E /* Build configuration list for PBXProject "PonStaffApp" */;
			compatibilityVersion = "Xcode 3.2";
			developmentRegion = English;
			hasScannedForEncodings = 0;
			knownRegions = (
				en,
				Base,
			);
			mainGroup = FA730CB81DBDE88B003CD52E;
			productRefGroup = FA730CC21DBDE88B003CD52E /* Products */;
			projectDirPath = "";
			projectRoot = "";
			targets = (
				FA730CC01DBDE88B003CD52E /* PonStaffApp */,
			);
		};
/* End PBXProject section */

/* Begin PBXResourcesBuildPhase section */
		FA730CBF1DBDE88B003CD52E /* Resources */ = {
			isa = PBXResourcesBuildPhase;
			buildActionMask = 2147483647;
			files = (
				FADC348B1DC1E61100E10E3F /* ic_back@3x.png in Resources */,
				FADC34981DC1E61100E10E3F /* ic_menu.png in Resources */,
				FADC34921DC1E61100E10E3F /* ic_googleplus.png in Resources */,
				FA6FB44A1DC1B0E800692C05 /* RejectPopupView.xib in Resources */,
				FA730F251DBDFC72003CD52E /* Main.storyboard in Resources */,
				FADC349A1DC1E61100E10E3F /* ic_menu@3x.png in Resources */,
				FADC34871DC1E61100E10E3F /* ic_account@2x.png in Resources */,
				FA730CCF1DBDE88B003CD52E /* LaunchScreen.storyboard in Resources */,
				FADC34881DC1E61100E10E3F /* ic_account@3x.png in Resources */,
				FADC34A01DC1E61100E10E3F /* ic_plane_paper@3x.png in Resources */,
				FA12FF2F1DBEF478002D0B11 /* SideMenuView.xib in Resources */,
				FADC349E1DC1E61100E10E3F /* ic_plane_paper.png in Resources */,
				FA6FB4461DC1B0CF00692C05 /* AcceptPopupView.xib in Resources */,
				FADC34A81DC1E61100E10E3F /* plane_paper@2x.png in Resources */,
				FADC34941DC1E61100E10E3F /* ic_googleplus@3x.png in Resources */,
				FADC34971DC1E61100E10E3F /* ic_heart@3x.png in Resources */,
				FA6FB4481DC1B0DC00692C05 /* ConfirmPopupView.xib in Resources */,
				FADC34A91DC1E61100E10E3F /* plane_paper@3x.png in Resources */,
				FADC34891DC1E61100E10E3F /* ic_back.png in Resources */,
				FADC34A31DC1E61100E10E3F /* ic_qrcode_cam@3x.png in Resources */,
				FADC349F1DC1E61100E10E3F /* ic_plane_paper@2x.png in Resources */,
				FA730CCC1DBDE88B003CD52E /* Assets.xcassets in Resources */,
				FA730EA21DBDFB92003CD52E /* HiraginoSans-W6.ttc in Resources */,
				FADC348E1DC1E61100E10E3F /* ic_facebook@3x.png in Resources */,
				FADC348F1DC1E61100E10E3F /* ic_flash.png in Resources */,
				FADC34A11DC1E61100E10E3F /* ic_qrcode_cam.png in Resources */,
				FA36E8641DBF26A800BE2D0F /* request_coupon_icon@2x.png in Resources */,
				FADC348A1DC1E61100E10E3F /* ic_back@2x.png in Resources */,
				FADC349B1DC1E61100E10E3F /* ic_password.png in Resources */,
				FADC34A61DC1E61100E10E3F /* ic_sad@3x.png in Resources */,
				FADC34991DC1E61100E10E3F /* ic_menu@2x.png in Resources */,
				FA730EA01DBDFB92003CD52E /* HiraginoSans-W4.ttc in Resources */,
				FADC34A21DC1E61100E10E3F /* ic_qrcode_cam@2x.png in Resources */,
				FADC348C1DC1E61100E10E3F /* ic_facebook.png in Resources */,
				FADC34861DC1E61100E10E3F /* ic_account.png in Resources */,
				FADC34961DC1E61100E10E3F /* ic_heart@2x.png in Resources */,
				FADC34A71DC1E61100E10E3F /* plane_paper.png in Resources */,
				FADC34931DC1E61100E10E3F /* ic_googleplus@2x.png in Resources */,
				FADC34DD1DC1EA7800E10E3F /* IQKeyboardManager.bundle in Resources */,
				FADC34911DC1E61100E10E3F /* ic_flash@3x.png in Resources */,
				FADC34901DC1E61100E10E3F /* ic_flash@2x.png in Resources */,
				FADC348D1DC1E61100E10E3F /* ic_facebook@2x.png in Resources */,
				FADC349C1DC1E61100E10E3F /* ic_password@2x.png in Resources */,
				FADC34A41DC1E61100E10E3F /* ic_sad.png in Resources */,
				FADC34951DC1E61100E10E3F /* ic_heart.png in Resources */,
				FADC34A51DC1E61100E10E3F /* ic_sad@2x.png in Resources */,
				FADC349D1DC1E61100E10E3F /* ic_password@3x.png in Resources */,
				FA730EA11DBDFB92003CD52E /* HiraginoSans-W5.ttc in Resources */,
			);
			runOnlyForDeploymentPostprocessing = 0;
		};
/* End PBXResourcesBuildPhase section */

/* Begin PBXShellScriptBuildPhase section */
		62C18C7AE3484820CA2B711C /* [CP] Embed Pods Frameworks */ = {
			isa = PBXShellScriptBuildPhase;
			buildActionMask = 2147483647;
			files = (
			);
			inputPaths = (
			);
			name = "[CP] Embed Pods Frameworks";
			outputPaths = (
			);
			runOnlyForDeploymentPostprocessing = 0;
			shellPath = /bin/sh;
			shellScript = "\"${SRCROOT}/../Pods/Target Support Files/Pods-PonStaffApp/Pods-PonStaffApp-frameworks.sh\"\n";
			showEnvVarsInLog = 0;
		};
		8417F927D6F9022C90E4CCEC /* [CP] Check Pods Manifest.lock */ = {
			isa = PBXShellScriptBuildPhase;
			buildActionMask = 2147483647;
			files = (
			);
			inputPaths = (
			);
			name = "[CP] Check Pods Manifest.lock";
			outputPaths = (
			);
			runOnlyForDeploymentPostprocessing = 0;
			shellPath = /bin/sh;
			shellScript = "diff \"${PODS_ROOT}/../Podfile.lock\" \"${PODS_ROOT}/Manifest.lock\" > /dev/null\nif [ $? != 0 ] ; then\n    # print error to STDERR\n    echo \"error: The sandbox is not in sync with the Podfile.lock. Run 'pod install' or update your CocoaPods installation.\" >&2\n    exit 1\nfi\n";
			showEnvVarsInLog = 0;
		};
		91A9D71172754C0B915920DA /* [CP] Copy Pods Resources */ = {
			isa = PBXShellScriptBuildPhase;
			buildActionMask = 2147483647;
			files = (
			);
			inputPaths = (
			);
			name = "[CP] Copy Pods Resources";
			outputPaths = (
			);
			runOnlyForDeploymentPostprocessing = 0;
			shellPath = /bin/sh;
			shellScript = "\"${SRCROOT}/../Pods/Target Support Files/Pods-PonStaffApp/Pods-PonStaffApp-resources.sh\"\n";
			showEnvVarsInLog = 0;
		};
/* End PBXShellScriptBuildPhase section */

/* Begin PBXSourcesBuildPhase section */
		FA730CBD1DBDE88B003CD52E /* Sources */ = {
			isa = PBXSourcesBuildPhase;
			buildActionMask = 2147483647;
			files = (
				FA06E8121DBF546800256312 /* QRCode.swift in Sources */,
				FADC34D01DC1EA7800E10E3F /* IQUIScrollView+Additions.m in Sources */,
				FADC34611DC1D8E200E10E3F /* PopupBackgroundView.swift in Sources */,
				FA6FB4441DC1B0C300692C05 /* RejectPopupView.swift in Sources */,
				FA04038A1DBF0F940001B63F /* CircleImageView.swift in Sources */,
				FADC345F1DC1D88700E10E3F /* PopupView.swift in Sources */,
				FADC34CF1DC1EA7800E10E3F /* IQNSArray+Sort.m in Sources */,
				FADC34D11DC1EA7800E10E3F /* IQUITextFieldView+Additions.m in Sources */,
				FA730CEB1DBDFA03003CD52E /* GlobalConstant.swift in Sources */,
				FA730D9B1DBDFAD0003CD52E /* ReachabilityManager.swift in Sources */,
				FADC34D51DC1EA7800E10E3F /* IQKeyboardManager.m in Sources */,
				FA730DC51DBDFB00003CD52E /* BaseTabBarController.swift in Sources */,
				FA12FF2D1DBEF344002D0B11 /* SideMenuView.swift in Sources */,
				FADC34D61DC1EA7800E10E3F /* IQKeyboardReturnKeyHandler.m in Sources */,
				FA730DC61DBDFB00003CD52E /* BaseViewController.swift in Sources */,
				FADC34DA1DC1EA7800E10E3F /* IQTitleBarButtonItem.m in Sources */,
				FA12FF291DBEEA20002D0B11 /* SignInViewController.swift in Sources */,
				FA730D921DBDFA6D003CD52E /* SwiftyUserDefaults.swift in Sources */,
				FA730E0F1DBDFB3E003CD52E /* UIViewExtension.swift in Sources */,
				FADC34D81DC1EA7800E10E3F /* IQBarButtonItem.m in Sources */,
				FADC34D31DC1EA7800E10E3F /* IQUIViewController+Additions.m in Sources */,
				FADC34D21DC1EA7800E10E3F /* IQUIView+Hierarchy.m in Sources */,
				FA0403961DBF0F940001B63F /* TopBorderView.swift in Sources */,
				FA730E011DBDFB3E003CD52E /* HLKLinearScrollView.swift in Sources */,
				FA730E041DBDFB3E003CD52E /* StringExtension.swift in Sources */,
				FADC34D71DC1EA7800E10E3F /* IQTextView.m in Sources */,
				FA730E101DBDFB3E003CD52E /* LoggingPrint.swift in Sources */,
				FA730CE61DBDFA03003CD52E /* ApiFileUpload.swift in Sources */,
				FA730CE81DBDFA03003CD52E /* ApiRequest.swift in Sources */,
				FA730E031DBDFB3E003CD52E /* MKMapViewExtension.swift in Sources */,
				FA730D8A1DBDFA6D003CD52E /* Reachability.m in Sources */,
				FA0403981DBF10650001B63F /* DesignableButton.swift in Sources */,
				FA730E0E1DBDFB3E003CD52E /* UIViewControllerExtension.swift in Sources */,
				FA730D911DBDFA6D003CD52E /* DefaultsKeysExtension.swift in Sources */,
				FA730CE91DBDFA03003CD52E /* ApiResponse.swift in Sources */,
				FA04038C1DBF0F940001B63F /* DesignableImageView.swift in Sources */,
				FADC34DB1DC1EA7800E10E3F /* IQToolbar.m in Sources */,
				FA730CEA1DBDFA03003CD52E /* ErrorMessage.swift in Sources */,
				FA6FB4401DC1B0A500692C05 /* AcceptPopupView.swift in Sources */,
				FA730E0B1DBDFB3E003CD52E /* UINavigationControllerExtension.swift in Sources */,
				FA730E051DBDFB3E003CD52E /* TypeConversionHelper.swift in Sources */,
				FA730E071DBDFB3E003CD52E /* UICollectionViewExtension.swift in Sources */,
				FA730F221DBDFC03003CD52E /* AppDelegate.swift in Sources */,
				FADC34DC1DC1EA7800E10E3F /* IQUIView+IQKeyboardToolbar.m in Sources */,
				FA6FB4421DC1B0B600692C05 /* ConfirmPopupView.swift in Sources */,
				FA730CE71DBDFA03003CD52E /* ApiManager.swift in Sources */,
				FA0403891DBF0F940001B63F /* BottomBorderView.swift in Sources */,
				FA12FF311DBEF79F002D0B11 /* RequestCouponViewController.swift in Sources */,
				FA04038F1DBF0F940001B63F /* LeftBorderView.swift in Sources */,
				FA730E191DBDFB6B003CD52E /* HiraginoSansUIFont.swift in Sources */,
				FADC34D41DC1EA7800E10E3F /* IQUIWindow+Hierarchy.m in Sources */,
				FA730D9D1DBDFAD0003CD52E /* UserDataManager.swift in Sources */,
				FA730E001DBDFB3E003CD52E /* HLKDropDownTextField.swift in Sources */,
				FA0403941DBF0F940001B63F /* ShadowView.swift in Sources */,
				FA0403921DBF0F940001B63F /* PaddingLabel.swift in Sources */,
				FA730E081DBDFB3E003CD52E /* UIColorExtension.swift in Sources */,
				FADC34D91DC1EA7800E10E3F /* IQPreviousNextView.m in Sources */,
				FA730E091DBDFB3E003CD52E /* UIImageExtension.swift in Sources */,
				FA730E0D1DBDFB3E003CD52E /* UITableViewExtension.swift in Sources */,
				FA730DFF1DBDFB3E003CD52E /* HLKSharedResources.swift in Sources */,
				FA730E0C1DBDFB3E003CD52E /* UIScrollViewExtension.swift in Sources */,
				FA730DC41DBDFB00003CD52E /* BaseNavigationController.swift in Sources */,
				FA36E8771DBF4D6900BE2D0F /* RequestCouponCell.swift in Sources */,
				FA04038D1DBF0F940001B63F /* DesignableView.swift in Sources */,
				FA730E061DBDFB3E003CD52E /* UIAlertControllerExtension.swift in Sources */,
				FA730E021DBDFB3E003CD52E /* HLKTextField.swift in Sources */,
				FA730E0A1DBDFB3E003CD52E /* UILabelExtension.swift in Sources */,
				FA730CE51DBDFA03003CD52E /* ApiEndpoint.swift in Sources */,
				FA730D901DBDFA6D003CD52E /* SwiftyJSON.swift in Sources */,
				FA36E8791DBF500E00BE2D0F /* QRCodeReaderViewController.swift in Sources */,
				FA0403931DBF0F940001B63F /* RightBorderView.swift in Sources */,
				FA12FF331DBEF826002D0B11 /* PointViewController.swift in Sources */,
			);
			runOnlyForDeploymentPostprocessing = 0;
		};
/* End PBXSourcesBuildPhase section */

/* Begin PBXVariantGroup section */
		FA730CCD1DBDE88B003CD52E /* LaunchScreen.storyboard */ = {
			isa = PBXVariantGroup;
			children = (
				FA730CCE1DBDE88B003CD52E /* Base */,
			);
			name = LaunchScreen.storyboard;
			sourceTree = "<group>";
		};
/* End PBXVariantGroup section */

/* Begin XCBuildConfiguration section */
		FA730CD11DBDE88B003CD52E /* Debug */ = {
			isa = XCBuildConfiguration;
			buildSettings = {
				ALWAYS_SEARCH_USER_PATHS = NO;
				CLANG_ANALYZER_NONNULL = YES;
				CLANG_CXX_LANGUAGE_STANDARD = "gnu++0x";
				CLANG_CXX_LIBRARY = "libc++";
				CLANG_ENABLE_MODULES = YES;
				CLANG_ENABLE_OBJC_ARC = YES;
				CLANG_WARN_BOOL_CONVERSION = YES;
				CLANG_WARN_CONSTANT_CONVERSION = YES;
				CLANG_WARN_DIRECT_OBJC_ISA_USAGE = YES_ERROR;
				CLANG_WARN_DOCUMENTATION_COMMENTS = YES;
				CLANG_WARN_EMPTY_BODY = YES;
				CLANG_WARN_ENUM_CONVERSION = YES;
				CLANG_WARN_INFINITE_RECURSION = YES;
				CLANG_WARN_INT_CONVERSION = YES;
				CLANG_WARN_OBJC_ROOT_CLASS = YES_ERROR;
				CLANG_WARN_SUSPICIOUS_MOVES = YES;
				CLANG_WARN_UNREACHABLE_CODE = YES;
				CLANG_WARN__DUPLICATE_METHOD_MATCH = YES;
				"CODE_SIGN_IDENTITY[sdk=iphoneos*]" = "iPhone Developer";
				COPY_PHASE_STRIP = NO;
				DEBUG_INFORMATION_FORMAT = dwarf;
				ENABLE_STRICT_OBJC_MSGSEND = YES;
				ENABLE_TESTABILITY = YES;
				GCC_C_LANGUAGE_STANDARD = gnu99;
				GCC_DYNAMIC_NO_PIC = NO;
				GCC_NO_COMMON_BLOCKS = YES;
				GCC_OPTIMIZATION_LEVEL = 0;
				GCC_PREPROCESSOR_DEFINITIONS = (
					"DEBUG=1",
					"$(inherited)",
				);
				GCC_WARN_64_TO_32_BIT_CONVERSION = YES;
				GCC_WARN_ABOUT_RETURN_TYPE = YES_ERROR;
				GCC_WARN_UNDECLARED_SELECTOR = YES;
				GCC_WARN_UNINITIALIZED_AUTOS = YES_AGGRESSIVE;
				GCC_WARN_UNUSED_FUNCTION = YES;
				GCC_WARN_UNUSED_VARIABLE = YES;
				IPHONEOS_DEPLOYMENT_TARGET = 10.0;
				MTL_ENABLE_DEBUG_INFO = YES;
				ONLY_ACTIVE_ARCH = YES;
				SDKROOT = iphoneos;
				SWIFT_ACTIVE_COMPILATION_CONDITIONS = DEBUG;
				SWIFT_OPTIMIZATION_LEVEL = "-Onone";
			};
			name = Debug;
		};
		FA730CD21DBDE88B003CD52E /* Release */ = {
			isa = XCBuildConfiguration;
			buildSettings = {
				ALWAYS_SEARCH_USER_PATHS = NO;
				CLANG_ANALYZER_NONNULL = YES;
				CLANG_CXX_LANGUAGE_STANDARD = "gnu++0x";
				CLANG_CXX_LIBRARY = "libc++";
				CLANG_ENABLE_MODULES = YES;
				CLANG_ENABLE_OBJC_ARC = YES;
				CLANG_WARN_BOOL_CONVERSION = YES;
				CLANG_WARN_CONSTANT_CONVERSION = YES;
				CLANG_WARN_DIRECT_OBJC_ISA_USAGE = YES_ERROR;
				CLANG_WARN_DOCUMENTATION_COMMENTS = YES;
				CLANG_WARN_EMPTY_BODY = YES;
				CLANG_WARN_ENUM_CONVERSION = YES;
				CLANG_WARN_INFINITE_RECURSION = YES;
				CLANG_WARN_INT_CONVERSION = YES;
				CLANG_WARN_OBJC_ROOT_CLASS = YES_ERROR;
				CLANG_WARN_SUSPICIOUS_MOVES = YES;
				CLANG_WARN_UNREACHABLE_CODE = YES;
				CLANG_WARN__DUPLICATE_METHOD_MATCH = YES;
				"CODE_SIGN_IDENTITY[sdk=iphoneos*]" = "iPhone Developer";
				COPY_PHASE_STRIP = NO;
				DEBUG_INFORMATION_FORMAT = "dwarf-with-dsym";
				ENABLE_NS_ASSERTIONS = NO;
				ENABLE_STRICT_OBJC_MSGSEND = YES;
				GCC_C_LANGUAGE_STANDARD = gnu99;
				GCC_NO_COMMON_BLOCKS = YES;
				GCC_WARN_64_TO_32_BIT_CONVERSION = YES;
				GCC_WARN_ABOUT_RETURN_TYPE = YES_ERROR;
				GCC_WARN_UNDECLARED_SELECTOR = YES;
				GCC_WARN_UNINITIALIZED_AUTOS = YES_AGGRESSIVE;
				GCC_WARN_UNUSED_FUNCTION = YES;
				GCC_WARN_UNUSED_VARIABLE = YES;
				IPHONEOS_DEPLOYMENT_TARGET = 10.0;
				MTL_ENABLE_DEBUG_INFO = NO;
				SDKROOT = iphoneos;
				SWIFT_OPTIMIZATION_LEVEL = "-Owholemodule";
				VALIDATE_PRODUCT = YES;
			};
			name = Release;
		};
		FA730CD41DBDE88B003CD52E /* Debug */ = {
			isa = XCBuildConfiguration;
			baseConfigurationReference = E9F47E1E113F2A33123C0B24 /* Pods-PonStaffApp.debug.xcconfig */;
			buildSettings = {
				ASSETCATALOG_COMPILER_APPICON_NAME = AppIcon;
				"CODE_SIGN_IDENTITY[sdk=iphoneos*]" = "iPhone Developer";
				DEVELOPMENT_TEAM = M8AF2Y2268;
				ENABLE_BITCODE = NO;
				INFOPLIST_FILE = PonStaffApp/Info.plist;
				IPHONEOS_DEPLOYMENT_TARGET = 9.0;
				LD_RUNPATH_SEARCH_PATHS = "$(inherited) @executable_path/Frameworks";
				PRODUCT_BUNDLE_IDENTIFIER = com.msoft.ponstaff;
				PRODUCT_NAME = "$(TARGET_NAME)";
				SWIFT_OBJC_BRIDGING_HEADER = "./PonStaffApp/Header/ObjC-Header.h";
				SWIFT_VERSION = 3.0;
			};
			name = Debug;
		};
		FA730CD51DBDE88B003CD52E /* Release */ = {
			isa = XCBuildConfiguration;
			baseConfigurationReference = 9F778D7426D7EF973DD94775 /* Pods-PonStaffApp.release.xcconfig */;
			buildSettings = {
				ASSETCATALOG_COMPILER_APPICON_NAME = AppIcon;
				"CODE_SIGN_IDENTITY[sdk=iphoneos*]" = "iPhone Developer";
				DEVELOPMENT_TEAM = M8AF2Y2268;
				ENABLE_BITCODE = NO;
				INFOPLIST_FILE = PonStaffApp/Info.plist;
				IPHONEOS_DEPLOYMENT_TARGET = 9.0;
				LD_RUNPATH_SEARCH_PATHS = "$(inherited) @executable_path/Frameworks";
				PRODUCT_BUNDLE_IDENTIFIER = com.msoft.ponstaff;
				PRODUCT_NAME = "$(TARGET_NAME)";
				SWIFT_OBJC_BRIDGING_HEADER = "./PonStaffApp/Header/ObjC-Header.h";
				SWIFT_VERSION = 3.0;
			};
			name = Release;
		};
/* End XCBuildConfiguration section */

/* Begin XCConfigurationList section */
		FA730CBC1DBDE88B003CD52E /* Build configuration list for PBXProject "PonStaffApp" */ = {
			isa = XCConfigurationList;
			buildConfigurations = (
				FA730CD11DBDE88B003CD52E /* Debug */,
				FA730CD21DBDE88B003CD52E /* Release */,
			);
			defaultConfigurationIsVisible = 0;
			defaultConfigurationName = Release;
		};
		FA730CD31DBDE88B003CD52E /* Build configuration list for PBXNativeTarget "PonStaffApp" */ = {
			isa = XCConfigurationList;
			buildConfigurations = (
				FA730CD41DBDE88B003CD52E /* Debug */,
				FA730CD51DBDE88B003CD52E /* Release */,
			);
			defaultConfigurationIsVisible = 0;
			defaultConfigurationName = Release;
		};
/* End XCConfigurationList section */
	};
	rootObject = FA730CB91DBDE88B003CD52E /* Project object */;
}
