PODS:
  - AFNetworking (3.1.0):
    - AFNetworking/NSURLSession (= 3.1.0)
    - AFNetworking/Reachability (= 3.1.0)
    - AFNetworking/Security (= 3.1.0)
    - AFNetworking/Serialization (= 3.1.0)
    - AFNetworking/UIKit (= 3.1.0)
  - AFNetworking/NSURLSession (3.1.0):
    - AFNetworking/Reachability
    - AFNetworking/Security
    - AFNetworking/Serialization
  - AFNetworking/Reachability (3.1.0)
  - AFNetworking/Security (3.1.0)
  - AFNetworking/Serialization (3.1.0)
  - AFNetworking/UIKit (3.1.0):
    - AFNetworking/NSURLSession
  - Alamofire (3.4.2)
  - AlamofireImage (2.4.1):
    - Alamofire (~> 3.3)
  - DKImagePickerController (3.3.4):
    - DKImagePickerController/Camera (= 3.3.4)
    - DKImagePickerController/ImageManager (= 3.3.4)
  - DKImagePickerController/Camera (3.3.4)
  - DKImagePickerController/ImageManager (3.3.4)
  - Fabric (1.6.8)
  - GoogleMaps (2.0.1):
    - GoogleMaps/Maps (= 2.0.1)
  - GoogleMaps/Base (2.0.1)
  - GoogleMaps/Maps (2.0.1):
    - GoogleMaps/Base (= 2.0.1)
  - ImageSlideshow/Alamofire (0.5.1):
    - AlamofireImage (~> 2.0)
    - ImageSlideshow/Core
  - ImageSlideshow/Core (0.5.1)
  - InstagramKit (3.8):
    - AFNetworking (~> 3.0)
    - InstagramKit/Exclude-UICKeyChainStore (= 3.8)
  - InstagramKit/Exclude-UICKeyChainStore (3.8):
    - AFNetworking (~> 3.0)
  - MBProgressHUD (0.9.2)
  - SwiftQRCode (2.0.2)
  - SwiftyJSON (2.3.2)
  - TwitterCore (2.4.0):
    - Fabric
  - TwitterKit (2.4.0):
    - TwitterCore (= 2.4.0)

DEPENDENCIES:
  - Alamofire (~> 3.4)
  - DKImagePickerController
  - Fabric
  - GoogleMaps
  - ImageSlideshow/Alamofire
  - InstagramKit (~> 3.0)
  - MBProgressHUD (~> 0.8)
  - SwiftQRCode
  - SwiftyJSON (~> 2.3)
  - TwitterKit

SPEC CHECKSUMS:
  AFNetworking: 5e0e199f73d8626b11e79750991f5d173d1f8b67
  Alamofire: 6aa33201d20d069e1598891cf928883ff1888c7a
  AlamofireImage: 3ccf3347d9ea24580dc11fb892770a0be6a29826
  DKImagePickerController: 4de1703ad3ba8bc216753447cbb00e482d8d4604
  Fabric: 5755268d0171435ab167e3d0878a28a777deaf10
  GoogleMaps: f09da64fc987c1aa29394567c3cab5a3df83c402
  ImageSlideshow: 933e24f8767948b27a81d40c0b616afb724120e3
  InstagramKit: 402d6bba375357b548039de08eea19a1b8716354
  MBProgressHUD: 1569cf7ace17a8bac47aabfbb8580a49690386d1
  SwiftQRCode: 68e920781686e376d70646b90c8ad87fd6523309
  SwiftyJSON: 04ccea08915aa0109039157c7974cf0298da292a
  TwitterCore: a139904c80805ad3dde9eef1100704f96f646d1d
  TwitterKit: 1cf9742edf9d182c1518cfdd6aaac0dfe313b38b

PODFILE CHECKSUM: 0c52a8eca94f419526c02733ef44c415de1567d7

COCOAPODS: 1.0.1
